// !$*UTF8*$!
{
	archiveVersion = 1;
	classes = {
	};
	objectVersion = 55;
	objects = {

/* Begin PBXBuildFile section */
		070DF8C92922A668002476AA /* WaitingPagePickerViewExtension.swift in Sources */ = {isa = PBXBuildFile; fileRef = 070DF8C82922A668002476AA /* WaitingPagePickerViewExtension.swift */; };
		071A3BF0291FC3BE009A7689 /* RoomDTO.swift in Sources */ = {isa = PBXBuildFile; fileRef = 071A3BEF291FC3BE009A7689 /* RoomDTO.swift */; };
		072EE65D2A9535C000CFCC2A /* AuthorizationViewController.swift in Sources */ = {isa = PBXBuildFile; fileRef = 072EE65C2A9535C000CFCC2A /* AuthorizationViewController.swift */; };
		072EE65F2A95370200CFCC2A /* AuthorizationViewComponents.swift in Sources */ = {isa = PBXBuildFile; fileRef = 072EE65E2A95370200CFCC2A /* AuthorizationViewComponents.swift */; };
		072EE6622A95375E00CFCC2A /* AuthorizationViewComponents+Constants.swift in Sources */ = {isa = PBXBuildFile; fileRef = 072EE6612A95375E00CFCC2A /* AuthorizationViewComponents+Constants.swift */; };
		072EE6642A953CCE00CFCC2A /* InputTextField.swift in Sources */ = {isa = PBXBuildFile; fileRef = 072EE6632A953CCE00CFCC2A /* InputTextField.swift */; };
		072EE6662A953DCE00CFCC2A /* ShimmerGradient.swift in Sources */ = {isa = PBXBuildFile; fileRef = 072EE6652A953DCE00CFCC2A /* ShimmerGradient.swift */; };
		0731B0602B00ED2C006162D7 /* PeekBackgroundImageView.swift in Sources */ = {isa = PBXBuildFile; fileRef = 0731B05F2B00ED2C006162D7 /* PeekBackgroundImageView.swift */; };
		0731B0622B00EE89006162D7 /* PeekCoverView.swift in Sources */ = {isa = PBXBuildFile; fileRef = 0731B0612B00EE89006162D7 /* PeekCoverView.swift */; };
		0731B0642B00F6A5006162D7 /* AuthorizationViewComponents+Constants+ChangeState.swift in Sources */ = {isa = PBXBuildFile; fileRef = 0731B0632B00F6A4006162D7 /* AuthorizationViewComponents+Constants+ChangeState.swift */; };
		0731BAFE292D5B8F004CCE79 /* ExtensionCollectionView.swift in Sources */ = {isa = PBXBuildFile; fileRef = 0731BAFD292D5B8F004CCE79 /* ExtensionCollectionView.swift */; };
		0731BB00292D5BC1004CCE79 /* MovieCollectionCell.swift in Sources */ = {isa = PBXBuildFile; fileRef = 0731BAFF292D5BC1004CCE79 /* MovieCollectionCell.swift */; };
		0731BB22292D844A004CCE79 /* ExtensionCollectionViewPresenter.swift in Sources */ = {isa = PBXBuildFile; fileRef = 0731BB21292D844A004CCE79 /* ExtensionCollectionViewPresenter.swift */; };
		073A49322902A77100545946 /* WaitingPageAnimation.swift in Sources */ = {isa = PBXBuildFile; fileRef = 073A49312902A77100545946 /* WaitingPageAnimation.swift */; };
		073B584D28F97B20000EE21F /* RegisterPage.swift in Sources */ = {isa = PBXBuildFile; fileRef = 073B584C28F97B1F000EE21F /* RegisterPage.swift */; };
		073B585228F97C30000EE21F /* RegisterPageViewComponents.swift in Sources */ = {isa = PBXBuildFile; fileRef = 073B585128F97C30000EE21F /* RegisterPageViewComponents.swift */; };
		073B585428F97CA8000EE21F /* PeekID.swift in Sources */ = {isa = PBXBuildFile; fileRef = 073B585328F97CA8000EE21F /* PeekID.swift */; };
		073B585628FA155F000EE21F /* EMConstants.swift in Sources */ = {isa = PBXBuildFile; fileRef = 073B585528FA155F000EE21F /* EMConstants.swift */; };
		073B585828FA1698000EE21F /* InteractiveViewComponents.swift in Sources */ = {isa = PBXBuildFile; fileRef = 073B585728FA1698000EE21F /* InteractiveViewComponents.swift */; };
		074A7696292ACDBB005D3E10 /* CollectionViewModels.swift in Sources */ = {isa = PBXBuildFile; fileRef = 074A7695292ACDBB005D3E10 /* CollectionViewModels.swift */; };
		074B8A642A8C239200EB39C2 /* Service.swift in Sources */ = {isa = PBXBuildFile; fileRef = 074B8A632A8C239200EB39C2 /* Service.swift */; };
		074B8A6B2A8C254F00EB39C2 /* RegisterNSE.swift in Sources */ = {isa = PBXBuildFile; fileRef = 074B8A6A2A8C254F00EB39C2 /* RegisterNSE.swift */; };
		074B8A6D2A8C257E00EB39C2 /* loginNSE.swift in Sources */ = {isa = PBXBuildFile; fileRef = 074B8A6C2A8C257E00EB39C2 /* loginNSE.swift */; };
		074B8A6F2A8C25A500EB39C2 /* CheckUsernameNSE.swift in Sources */ = {isa = PBXBuildFile; fileRef = 074B8A6E2A8C25A500EB39C2 /* CheckUsernameNSE.swift */; };
		074B8A712A8C25DD00EB39C2 /* CreateRoomNSE.swift in Sources */ = {isa = PBXBuildFile; fileRef = 074B8A702A8C25DD00EB39C2 /* CreateRoomNSE.swift */; };
		074B8A732A8C260800EB39C2 /* JoinRoomNSE.swift in Sources */ = {isa = PBXBuildFile; fileRef = 074B8A722A8C260800EB39C2 /* JoinRoomNSE.swift */; };
		074B8A752A8C262C00EB39C2 /* QuitFromRoomNSE.swift in Sources */ = {isa = PBXBuildFile; fileRef = 074B8A742A8C262C00EB39C2 /* QuitFromRoomNSE.swift */; };
		074B8A782A8C265700EB39C2 /* GetMovieNSE.swift in Sources */ = {isa = PBXBuildFile; fileRef = 074B8A772A8C265700EB39C2 /* GetMovieNSE.swift */; };
		07517C3B2AFB9EE100751EBB /* Colors+gradientColorPattern.swift in Sources */ = {isa = PBXBuildFile; fileRef = 07517C3A2AFB9EE100751EBB /* Colors+gradientColorPattern.swift */; };
		0758C2E6291174F800E48140 /* NetworkServiceProtocol.swift in Sources */ = {isa = PBXBuildFile; fileRef = 0758C2E5291174F800E48140 /* NetworkServiceProtocol.swift */; };
		0758C2E82911752200E48140 /* NetworkServiceImplementation.swift in Sources */ = {isa = PBXBuildFile; fileRef = 0758C2E72911752200E48140 /* NetworkServiceImplementation.swift */; };
		0758C2EC2911777300E48140 /* TokenDTO.swift in Sources */ = {isa = PBXBuildFile; fileRef = 0758C2EB2911777300E48140 /* TokenDTO.swift */; };
		0763C00B2934979C00142CC8 /* ExtensionSessionWebSocketPresneter.swift in Sources */ = {isa = PBXBuildFile; fileRef = 0763C00A2934979C00142CC8 /* ExtensionSessionWebSocketPresneter.swift */; };
		077933D22A8FAE4400B0F509 /* UIColor+InitWithHex.swift in Sources */ = {isa = PBXBuildFile; fileRef = 077933D12A8FAE4300B0F509 /* UIColor+InitWithHex.swift */; };
		077933D52A8FF8C000B0F509 /* LoggerProtocol.swift in Sources */ = {isa = PBXBuildFile; fileRef = 077933D42A8FF8C000B0F509 /* LoggerProtocol.swift */; };
		077933D72A8FF8E600B0F509 /* LogLevel.swift in Sources */ = {isa = PBXBuildFile; fileRef = 077933D62A8FF8E600B0F509 /* LogLevel.swift */; };
		077933D92A8FF90900B0F509 /* LogFormatElement.swift in Sources */ = {isa = PBXBuildFile; fileRef = 077933D82A8FF90900B0F509 /* LogFormatElement.swift */; };
		077933DB2A8FF93000B0F509 /* LogFormat.swift in Sources */ = {isa = PBXBuildFile; fileRef = 077933DA2A8FF93000B0F509 /* LogFormat.swift */; };
		077933DD2A8FF94E00B0F509 /* LogDestinationProtocol.swift in Sources */ = {isa = PBXBuildFile; fileRef = 077933DC2A8FF94E00B0F509 /* LogDestinationProtocol.swift */; };
		077933DF2A8FF96C00B0F509 /* Log.swift in Sources */ = {isa = PBXBuildFile; fileRef = 077933DE2A8FF96C00B0F509 /* Log.swift */; };
		077933E12A8FF99100B0F509 /* DefaultLogger.swift in Sources */ = {isa = PBXBuildFile; fileRef = 077933E02A8FF99100B0F509 /* DefaultLogger.swift */; };
		077933E32A8FF9B000B0F509 /* ConsoleDestination.swift in Sources */ = {isa = PBXBuildFile; fileRef = 077933E22A8FF9B000B0F509 /* ConsoleDestination.swift */; };
		0779775A2A8E33EA000DAF72 /* AppDelegate.swift in Sources */ = {isa = PBXBuildFile; fileRef = 077977592A8E33EA000DAF72 /* AppDelegate.swift */; };
		0779775C2A8E34A7000DAF72 /* AppCoordinator.swift in Sources */ = {isa = PBXBuildFile; fileRef = 0779775B2A8E34A7000DAF72 /* AppCoordinator.swift */; };
		0779775E2A8E3553000DAF72 /* RootViewController.swift in Sources */ = {isa = PBXBuildFile; fileRef = 0779775D2A8E3553000DAF72 /* RootViewController.swift */; };
		077977632A8E367F000DAF72 /* Fonts.swift in Sources */ = {isa = PBXBuildFile; fileRef = 077977622A8E367F000DAF72 /* Fonts.swift */; };
		0779779C2A8E3F47000DAF72 /* Poppins-Black.ttf in Resources */ = {isa = PBXBuildFile; fileRef = 0779778A2A8E3839000DAF72 /* Poppins-Black.ttf */; };
		0779779D2A8E3F4C000DAF72 /* Poppins-LightItalic.ttf in Resources */ = {isa = PBXBuildFile; fileRef = 077977892A8E3839000DAF72 /* Poppins-LightItalic.ttf */; };
		0779779E2A8E3F4C000DAF72 /* Poppins-Medium.ttf in Resources */ = {isa = PBXBuildFile; fileRef = 077977992A8E383C000DAF72 /* Poppins-Medium.ttf */; };
		0779779F2A8E3F4C000DAF72 /* Poppins-MediumItalic.ttf in Resources */ = {isa = PBXBuildFile; fileRef = 0779778B2A8E383A000DAF72 /* Poppins-MediumItalic.ttf */; };
		077977A02A8E3F4C000DAF72 /* Poppins-SemiBoldItalic.ttf in Resources */ = {isa = PBXBuildFile; fileRef = 077977902A8E383A000DAF72 /* Poppins-SemiBoldItalic.ttf */; };
		077977A12A8E3F4C000DAF72 /* Poppins-Regular.ttf in Resources */ = {isa = PBXBuildFile; fileRef = 077977922A8E383A000DAF72 /* Poppins-Regular.ttf */; };
		077977A22A8E3F4C000DAF72 /* Poppins-Thin.ttf in Resources */ = {isa = PBXBuildFile; fileRef = 0779778C2A8E383A000DAF72 /* Poppins-Thin.ttf */; };
		077977A32A8E3F4C000DAF72 /* Poppins-ExtraBoldItalic.ttf in Resources */ = {isa = PBXBuildFile; fileRef = 077977952A8E383B000DAF72 /* Poppins-ExtraBoldItalic.ttf */; };
		077977A42A8E3F4C000DAF72 /* Poppins-BlackItalic.ttf in Resources */ = {isa = PBXBuildFile; fileRef = 0779779A2A8E383C000DAF72 /* Poppins-BlackItalic.ttf */; };
		077977A52A8E3F4C000DAF72 /* Poppins-ExtraLight.ttf in Resources */ = {isa = PBXBuildFile; fileRef = 077977982A8E383B000DAF72 /* Poppins-ExtraLight.ttf */; };
		077977A62A8E3F4C000DAF72 /* Poppins-ExtraBold.ttf in Resources */ = {isa = PBXBuildFile; fileRef = 0779778E2A8E383A000DAF72 /* Poppins-ExtraBold.ttf */; };
		077977A72A8E3F4C000DAF72 /* Poppins-ThinItalic.ttf in Resources */ = {isa = PBXBuildFile; fileRef = 077977912A8E383A000DAF72 /* Poppins-ThinItalic.ttf */; };
		077977A82A8E3F4C000DAF72 /* Poppins-ExtraLightItalic.ttf in Resources */ = {isa = PBXBuildFile; fileRef = 077977962A8E383B000DAF72 /* Poppins-ExtraLightItalic.ttf */; };
		077977A92A8E3F4C000DAF72 /* Poppins-SemiBold.ttf in Resources */ = {isa = PBXBuildFile; fileRef = 0779778D2A8E383A000DAF72 /* Poppins-SemiBold.ttf */; };
		077977AA2A8E3F4C000DAF72 /* Poppins-Bold.ttf in Resources */ = {isa = PBXBuildFile; fileRef = 077977932A8E383B000DAF72 /* Poppins-Bold.ttf */; };
		077977AB2A8E3F4C000DAF72 /* Poppins-BoldItalic.ttf in Resources */ = {isa = PBXBuildFile; fileRef = 0779778F2A8E383A000DAF72 /* Poppins-BoldItalic.ttf */; };
		077977AC2A8E3F4C000DAF72 /* Poppins-Italic.ttf in Resources */ = {isa = PBXBuildFile; fileRef = 077977942A8E383B000DAF72 /* Poppins-Italic.ttf */; };
		077977AD2A8E3F4C000DAF72 /* Poppins-Light.ttf in Resources */ = {isa = PBXBuildFile; fileRef = 077977972A8E383B000DAF72 /* Poppins-Light.ttf */; };
		077977D82A8E6C0B000DAF72 /* Empty.swift in Sources */ = {isa = PBXBuildFile; fileRef = 077977D72A8E6C0B000DAF72 /* Empty.swift */; };
		077977DA2A8E6D3C000DAF72 /* APIService.swift in Sources */ = {isa = PBXBuildFile; fileRef = 077977D92A8E6D3C000DAF72 /* APIService.swift */; };
		077977DC2A8E717B000DAF72 /* UINavigationController+FadeTo.swift in Sources */ = {isa = PBXBuildFile; fileRef = 077977DB2A8E717B000DAF72 /* UINavigationController+FadeTo.swift */; };
		077977E02A8E7253000DAF72 /* Service+KeyChain.swift in Sources */ = {isa = PBXBuildFile; fileRef = 077977DF2A8E7253000DAF72 /* Service+KeyChain.swift */; };
		077977E32A8E789F000DAF72 /* UserService.swift in Sources */ = {isa = PBXBuildFile; fileRef = 077977E22A8E789F000DAF72 /* UserService.swift */; };
		077977E62A8E855D000DAF72 /* EntranceModuleBuilder.swift in Sources */ = {isa = PBXBuildFile; fileRef = 077977E52A8E855D000DAF72 /* EntranceModuleBuilder.swift */; };
		077B2ECD29069A060087504C /* SessionModuleBuilderOld.swift in Sources */ = {isa = PBXBuildFile; fileRef = 077B2ECC29069A060087504C /* SessionModuleBuilderOld.swift */; };
		077B2ED229069A4B0087504C /* SessionModulePresenter.swift in Sources */ = {isa = PBXBuildFile; fileRef = 077B2ED129069A4B0087504C /* SessionModulePresenter.swift */; };
		077B2ED629069ADC0087504C /* PosterView.swift in Sources */ = {isa = PBXBuildFile; fileRef = 077B2ED529069ADC0087504C /* PosterView.swift */; };
		077B2ED829069BAB0087504C /* CollectionView.swift in Sources */ = {isa = PBXBuildFile; fileRef = 077B2ED729069BAB0087504C /* CollectionView.swift */; };
		077B2EDA2907BB450087504C /* Global Constants.swift in Sources */ = {isa = PBXBuildFile; fileRef = 077B2ED92907BB450087504C /* Global Constants.swift */; };
		077B2EDC29080E2C0087504C /* PosterViewModels.swift in Sources */ = {isa = PBXBuildFile; fileRef = 077B2EDB29080E2C0087504C /* PosterViewModels.swift */; };
		077B2EDE29080E680087504C /* SMConstants.swift in Sources */ = {isa = PBXBuildFile; fileRef = 077B2EDD29080E680087504C /* SMConstants.swift */; };
		077B2EE029080E970087504C /* SMViewModels.swift in Sources */ = {isa = PBXBuildFile; fileRef = 077B2EDF29080E970087504C /* SMViewModels.swift */; };
		077FD1EA2B03AA87000C7A73 /* PeekBottomSheetDraggerView.swift in Sources */ = {isa = PBXBuildFile; fileRef = 077FD1E92B03AA87000C7A73 /* PeekBottomSheetDraggerView.swift */; };
		077FD1EC2B03CAAA000C7A73 /* PasswordRestorationViewComponents+Constants.swift in Sources */ = {isa = PBXBuildFile; fileRef = 077FD1EB2B03CAAA000C7A73 /* PasswordRestorationViewComponents+Constants.swift */; };
		077FD1EE2B03CD34000C7A73 /* PasswordRestorationViewComponents+ChangeState.swift in Sources */ = {isa = PBXBuildFile; fileRef = 077FD1ED2B03CD34000C7A73 /* PasswordRestorationViewComponents+ChangeState.swift */; };
		077FD1F02B03D8EC000C7A73 /* PasswordRestorationViewComponents+HStackView.swift in Sources */ = {isa = PBXBuildFile; fileRef = 077FD1EF2B03D8EC000C7A73 /* PasswordRestorationViewComponents+HStackView.swift */; };
		07832A2529248C390079E1E9 /* ExtensionEntranceWebSocketPresenter.swift in Sources */ = {isa = PBXBuildFile; fileRef = 07832A2429248C390079E1E9 /* ExtensionEntranceWebSocketPresenter.swift */; };
		07832A27292668950079E1E9 /* ExtensionPosterViewPresenter.swift in Sources */ = {isa = PBXBuildFile; fileRef = 07832A26292668950079E1E9 /* ExtensionPosterViewPresenter.swift */; };
		0788F41F28F82990006F447F /* EntranceModulePresenter.swift in Sources */ = {isa = PBXBuildFile; fileRef = 0788F41E28F82990006F447F /* EntranceModulePresenter.swift */; };
		0788F42228F829B5006F447F /* EntranceModuleBuilderOld.swift in Sources */ = {isa = PBXBuildFile; fileRef = 0788F42128F829B5006F447F /* EntranceModuleBuilderOld.swift */; };
		0788F42428F82B19006F447F /* LoginPage.swift in Sources */ = {isa = PBXBuildFile; fileRef = 0788F42328F82B19006F447F /* LoginPage.swift */; };
		0788F42628F8321F006F447F /* LoginViewComponents.swift in Sources */ = {isa = PBXBuildFile; fileRef = 0788F42528F8321F006F447F /* LoginViewComponents.swift */; };
		079E5EB829092EC8006AF238 /* MovieInfoScrollViewModel.swift in Sources */ = {isa = PBXBuildFile; fileRef = 079E5EB729092EC8006AF238 /* MovieInfoScrollViewModel.swift */; };
		079E5EBA2909753C006AF238 /* MovieInfoStackViewModel.swift in Sources */ = {isa = PBXBuildFile; fileRef = 079E5EB92909753C006AF238 /* MovieInfoStackViewModel.swift */; };
		07A66F2B2916CB2F003BB6B9 /* ErrorDTO.swift in Sources */ = {isa = PBXBuildFile; fileRef = 07A66F2A2916CB2F003BB6B9 /* ErrorDTO.swift */; };
		07A66F2D2916CB51003BB6B9 /* ResponseDTO.swift in Sources */ = {isa = PBXBuildFile; fileRef = 07A66F2C2916CB51003BB6B9 /* ResponseDTO.swift */; };
		07ABF65C29193799007C4A52 /* InformativeViewComponents.swift in Sources */ = {isa = PBXBuildFile; fileRef = 07ABF65B29193799007C4A52 /* InformativeViewComponents.swift */; };
		07ABF65E291AD436007C4A52 /* ExtensionLoginPagePresenter.swift in Sources */ = {isa = PBXBuildFile; fileRef = 07ABF65D291AD436007C4A52 /* ExtensionLoginPagePresenter.swift */; };
		07ABF660291AD4A7007C4A52 /* ExtensionPasswordPagePresenter.swift in Sources */ = {isa = PBXBuildFile; fileRef = 07ABF65F291AD4A7007C4A52 /* ExtensionPasswordPagePresenter.swift */; };
		07ABF662291AD4BF007C4A52 /* ExtensionRegisterPagePresenter.swift in Sources */ = {isa = PBXBuildFile; fileRef = 07ABF661291AD4BF007C4A52 /* ExtensionRegisterPagePresenter.swift */; };
		07ABF664291AD4DA007C4A52 /* ExtensionAuthorizedPagePresenter.swift in Sources */ = {isa = PBXBuildFile; fileRef = 07ABF663291AD4DA007C4A52 /* ExtensionAuthorizedPagePresenter.swift */; };
		07ABF666291AD4F8007C4A52 /* ExtensionWaitingPagePresenter.swift in Sources */ = {isa = PBXBuildFile; fileRef = 07ABF665291AD4F8007C4A52 /* ExtensionWaitingPagePresenter.swift */; };
		07ACBA982AFD29F400D07487 /* AuthorizationViewController+HandleButtons.swift in Sources */ = {isa = PBXBuildFile; fileRef = 07ACBA972AFD29F400D07487 /* AuthorizationViewController+HandleButtons.swift */; };
		07ACBA9B2AFD32E800D07487 /* AuthorizationViewComponents+Constraints.swift in Sources */ = {isa = PBXBuildFile; fileRef = 07ACBA9A2AFD32E800D07487 /* AuthorizationViewComponents+Constraints.swift */; };
		07ACBA9D2AFD3B1200D07487 /* AuthorizationViewComponents+ChangeState.swift in Sources */ = {isa = PBXBuildFile; fileRef = 07ACBA9C2AFD3B1200D07487 /* AuthorizationViewComponents+ChangeState.swift */; };
		07BB3FD62AF90638001E0E63 /* PeekLabel.swift in Sources */ = {isa = PBXBuildFile; fileRef = 07BB3FD52AF90638001E0E63 /* PeekLabel.swift */; };
		07BBD948291BE08F00DD13BA /* MockNetworkService.swift in Sources */ = {isa = PBXBuildFile; fileRef = 07BBD947291BE08F00DD13BA /* MockNetworkService.swift */; };
		07BD8B772A93EE9E0089199E /* LobbyModuleBuilder.swift in Sources */ = {isa = PBXBuildFile; fileRef = 07BD8B762A93EE9E0089199E /* LobbyModuleBuilder.swift */; };
		07BD8B792A93EEC50089199E /* SessionModuleBuilder.swift in Sources */ = {isa = PBXBuildFile; fileRef = 07BD8B782A93EEC50089199E /* SessionModuleBuilder.swift */; };
		07BD8B7F2A93F4C50089199E /* AppCoordinator+Navigation.swift in Sources */ = {isa = PBXBuildFile; fileRef = 07BD8B7E2A93F4C50089199E /* AppCoordinator+Navigation.swift */; };
		07BE23192B0239A600E70299 /* PassowrdRestorationViewController.swift in Sources */ = {isa = PBXBuildFile; fileRef = 07BE23182B0239A600E70299 /* PassowrdRestorationViewController.swift */; };
		07BE231D2B023A7C00E70299 /* PasswordRestorationViewComponents.swift in Sources */ = {isa = PBXBuildFile; fileRef = 07BE231C2B023A7C00E70299 /* PasswordRestorationViewComponents.swift */; };
		07BE23202B023B1300E70299 /* PasswordRestorationViewController+HandleButtons.swift in Sources */ = {isa = PBXBuildFile; fileRef = 07BE231F2B023B1300E70299 /* PasswordRestorationViewController+HandleButtons.swift */; };
		07BE23222B023B5A00E70299 /* PasswordRestorationViewComponents+Constraints.swift in Sources */ = {isa = PBXBuildFile; fileRef = 07BE23212B023B5A00E70299 /* PasswordRestorationViewComponents+Constraints.swift */; };
		07C8212F291019E000B055D0 /* MovieDTO.swift in Sources */ = {isa = PBXBuildFile; fileRef = 07C8212E291019E000B055D0 /* MovieDTO.swift */; };
		07CBD4232AF8236300005F63 /* PeekIconView.swift in Sources */ = {isa = PBXBuildFile; fileRef = 07CBD4222AF8236300005F63 /* PeekIconView.swift */; };
		07CEA3932AF5661D00E69FAB /* Colors.swift in Sources */ = {isa = PBXBuildFile; fileRef = 07CEA3922AF5661D00E69FAB /* Colors.swift */; };
		07CEA3952AF79ECC00E69FAB /* PeekInputTextField.swift in Sources */ = {isa = PBXBuildFile; fileRef = 07CEA3942AF79ECC00E69FAB /* PeekInputTextField.swift */; };
		07CEA3982AF7A8A400E69FAB /* Images.swift in Sources */ = {isa = PBXBuildFile; fileRef = 07CEA3972AF7A8A400E69FAB /* Images.swift */; };
		07CEA39B2AF7ABB800E69FAB /* PeekButton.swift in Sources */ = {isa = PBXBuildFile; fileRef = 07CEA39A2AF7ABB800E69FAB /* PeekButton.swift */; };
		07D401B928F8641700BF3F55 /* PasswordPage.swift in Sources */ = {isa = PBXBuildFile; fileRef = 07D401B828F8641700BF3F55 /* PasswordPage.swift */; };
		07D401BB28F8653D00BF3F55 /* PasswordViewComponents.swift in Sources */ = {isa = PBXBuildFile; fileRef = 07D401BA28F8653D00BF3F55 /* PasswordViewComponents.swift */; };
		07D401BD28F890F400BF3F55 /* LaunchPage.swift in Sources */ = {isa = PBXBuildFile; fileRef = 07D401BC28F890F400BF3F55 /* LaunchPage.swift */; };
		07DBA83F28F3F734000A1312 /* AppDelegateOld.swift in Sources */ = {isa = PBXBuildFile; fileRef = 07DBA83E28F3F734000A1312 /* AppDelegateOld.swift */; };
		07DBA84328F3F734000A1312 /* AuthorizedPage.swift in Sources */ = {isa = PBXBuildFile; fileRef = 07DBA84228F3F734000A1312 /* AuthorizedPage.swift */; };
		07DBA84628F3F734000A1312 /* Main.storyboard in Resources */ = {isa = PBXBuildFile; fileRef = 07DBA84428F3F734000A1312 /* Main.storyboard */; };
		07DBA84828F3F73A000A1312 /* Assets.xcassets in Resources */ = {isa = PBXBuildFile; fileRef = 07DBA84728F3F73A000A1312 /* Assets.xcassets */; };
		07DBA85328F3F830000A1312 /* AppCoordinatorOld.swift in Sources */ = {isa = PBXBuildFile; fileRef = 07DBA85228F3F830000A1312 /* AppCoordinatorOld.swift */; };
		07DBA85A28F55E3B000A1312 /* AuthorizedPageViewComponents.swift in Sources */ = {isa = PBXBuildFile; fileRef = 07DBA85928F55E3B000A1312 /* AuthorizedPageViewComponents.swift */; };
		07DBA85D28F55E77000A1312 /* DesignProtocols.swift in Sources */ = {isa = PBXBuildFile; fileRef = 07DBA85C28F55E77000A1312 /* DesignProtocols.swift */; };
		07EB1CB928FD47950031598A /* NetworkClientImplementation.swift in Sources */ = {isa = PBXBuildFile; fileRef = 07EB1CB828FD47950031598A /* NetworkClientImplementation.swift */; };
		07EB1CBB28FD47C90031598A /* NrtworkClientProtocol.swift in Sources */ = {isa = PBXBuildFile; fileRef = 07EB1CBA28FD47C90031598A /* NrtworkClientProtocol.swift */; };
		07EB1CC128FD48100031598A /* HTTPNetworkResponse.swift in Sources */ = {isa = PBXBuildFile; fileRef = 07EB1CBD28FD48100031598A /* HTTPNetworkResponse.swift */; };
		07EB1CC228FD48100031598A /* HTTPRequest.swift in Sources */ = {isa = PBXBuildFile; fileRef = 07EB1CBE28FD48100031598A /* HTTPRequest.swift */; };
		07EB1CC328FD48100031598A /* HTTPError.swift in Sources */ = {isa = PBXBuildFile; fileRef = 07EB1CBF28FD48100031598A /* HTTPError.swift */; };
		07EB1CC428FD48100031598A /* HTTPMethod.swift in Sources */ = {isa = PBXBuildFile; fileRef = 07EB1CC028FD48100031598A /* HTTPMethod.swift */; };
		07EB1CC828FDE0680031598A /* WaitingPage.swift in Sources */ = {isa = PBXBuildFile; fileRef = 07EB1CC728FDE0680031598A /* WaitingPage.swift */; };
		07EB1CCA28FDE6EB0031598A /* WaitingRoomViewComponents.swift in Sources */ = {isa = PBXBuildFile; fileRef = 07EB1CC928FDE6EB0031598A /* WaitingRoomViewComponents.swift */; };
		07EB1CCC28FE219C0031598A /* Animations.swift in Sources */ = {isa = PBXBuildFile; fileRef = 07EB1CCB28FE219C0031598A /* Animations.swift */; };
		07F8930E29127B5200E8FDD4 /* RegistrationFormDTO.swift in Sources */ = {isa = PBXBuildFile; fileRef = 07F8930D29127B5200E8FDD4 /* RegistrationFormDTO.swift */; };
		07FC65C72AFA4089001C039D /* AuthorizationViewComponents+BottomHStackView.swift in Sources */ = {isa = PBXBuildFile; fileRef = 07FC65C62AFA4089001C039D /* AuthorizationViewComponents+BottomHStackView.swift */; };
		07FC65C92AFA4189001C039D /* PeekBackgroundGradient.swift in Sources */ = {isa = PBXBuildFile; fileRef = 07FC65C82AFA4189001C039D /* PeekBackgroundGradient.swift */; };
		07FC950D2AF3D84E002FE0A9 /* NVActivityIndicatorView in Frameworks */ = {isa = PBXBuildFile; productRef = 07FC950C2AF3D84E002FE0A9 /* NVActivityIndicatorView */; };
		07FC950F2AF3DF2D002FE0A9 /* RootViewControllerViewComponents.swift in Sources */ = {isa = PBXBuildFile; fileRef = 07FC950E2AF3DF2D002FE0A9 /* RootViewControllerViewComponents.swift */; };
/* End PBXBuildFile section */

/* Begin PBXFileReference section */
		070DF8C82922A668002476AA /* WaitingPagePickerViewExtension.swift */ = {isa = PBXFileReference; lastKnownFileType = sourcecode.swift; path = WaitingPagePickerViewExtension.swift; sourceTree = "<group>"; };
		071A3BEF291FC3BE009A7689 /* RoomDTO.swift */ = {isa = PBXFileReference; lastKnownFileType = sourcecode.swift; path = RoomDTO.swift; sourceTree = "<group>"; };
		072EE65C2A9535C000CFCC2A /* AuthorizationViewController.swift */ = {isa = PBXFileReference; lastKnownFileType = sourcecode.swift; path = AuthorizationViewController.swift; sourceTree = "<group>"; };
		072EE65E2A95370200CFCC2A /* AuthorizationViewComponents.swift */ = {isa = PBXFileReference; lastKnownFileType = sourcecode.swift; path = AuthorizationViewComponents.swift; sourceTree = "<group>"; };
		072EE6612A95375E00CFCC2A /* AuthorizationViewComponents+Constants.swift */ = {isa = PBXFileReference; lastKnownFileType = sourcecode.swift; path = "AuthorizationViewComponents+Constants.swift"; sourceTree = "<group>"; };
		072EE6632A953CCE00CFCC2A /* InputTextField.swift */ = {isa = PBXFileReference; lastKnownFileType = sourcecode.swift; path = InputTextField.swift; sourceTree = "<group>"; };
		072EE6652A953DCE00CFCC2A /* ShimmerGradient.swift */ = {isa = PBXFileReference; lastKnownFileType = sourcecode.swift; path = ShimmerGradient.swift; sourceTree = "<group>"; };
		0731B05F2B00ED2C006162D7 /* PeekBackgroundImageView.swift */ = {isa = PBXFileReference; lastKnownFileType = sourcecode.swift; path = PeekBackgroundImageView.swift; sourceTree = "<group>"; };
		0731B0612B00EE89006162D7 /* PeekCoverView.swift */ = {isa = PBXFileReference; lastKnownFileType = sourcecode.swift; path = PeekCoverView.swift; sourceTree = "<group>"; };
		0731B0632B00F6A4006162D7 /* AuthorizationViewComponents+Constants+ChangeState.swift */ = {isa = PBXFileReference; lastKnownFileType = sourcecode.swift; path = "AuthorizationViewComponents+Constants+ChangeState.swift"; sourceTree = "<group>"; };
		0731BAFD292D5B8F004CCE79 /* ExtensionCollectionView.swift */ = {isa = PBXFileReference; lastKnownFileType = sourcecode.swift; path = ExtensionCollectionView.swift; sourceTree = "<group>"; };
		0731BAFF292D5BC1004CCE79 /* MovieCollectionCell.swift */ = {isa = PBXFileReference; lastKnownFileType = sourcecode.swift; path = MovieCollectionCell.swift; sourceTree = "<group>"; };
		0731BB21292D844A004CCE79 /* ExtensionCollectionViewPresenter.swift */ = {isa = PBXFileReference; lastKnownFileType = sourcecode.swift; path = ExtensionCollectionViewPresenter.swift; sourceTree = "<group>"; };
		073A49312902A77100545946 /* WaitingPageAnimation.swift */ = {isa = PBXFileReference; lastKnownFileType = sourcecode.swift; path = WaitingPageAnimation.swift; sourceTree = "<group>"; };
		073B584C28F97B1F000EE21F /* RegisterPage.swift */ = {isa = PBXFileReference; lastKnownFileType = sourcecode.swift; path = RegisterPage.swift; sourceTree = "<group>"; };
		073B585128F97C30000EE21F /* RegisterPageViewComponents.swift */ = {isa = PBXFileReference; lastKnownFileType = sourcecode.swift; path = RegisterPageViewComponents.swift; sourceTree = "<group>"; };
		073B585328F97CA8000EE21F /* PeekID.swift */ = {isa = PBXFileReference; lastKnownFileType = sourcecode.swift; path = PeekID.swift; sourceTree = "<group>"; };
		073B585528FA155F000EE21F /* EMConstants.swift */ = {isa = PBXFileReference; lastKnownFileType = sourcecode.swift; path = EMConstants.swift; sourceTree = "<group>"; };
		073B585728FA1698000EE21F /* InteractiveViewComponents.swift */ = {isa = PBXFileReference; lastKnownFileType = sourcecode.swift; path = InteractiveViewComponents.swift; sourceTree = "<group>"; };
		074A7695292ACDBB005D3E10 /* CollectionViewModels.swift */ = {isa = PBXFileReference; lastKnownFileType = sourcecode.swift; path = CollectionViewModels.swift; sourceTree = "<group>"; };
		074B8A632A8C239200EB39C2 /* Service.swift */ = {isa = PBXFileReference; lastKnownFileType = sourcecode.swift; path = Service.swift; sourceTree = "<group>"; };
		074B8A6A2A8C254F00EB39C2 /* RegisterNSE.swift */ = {isa = PBXFileReference; lastKnownFileType = sourcecode.swift; path = RegisterNSE.swift; sourceTree = "<group>"; };
		074B8A6C2A8C257E00EB39C2 /* loginNSE.swift */ = {isa = PBXFileReference; lastKnownFileType = sourcecode.swift; path = loginNSE.swift; sourceTree = "<group>"; };
		074B8A6E2A8C25A500EB39C2 /* CheckUsernameNSE.swift */ = {isa = PBXFileReference; lastKnownFileType = sourcecode.swift; path = CheckUsernameNSE.swift; sourceTree = "<group>"; };
		074B8A702A8C25DD00EB39C2 /* CreateRoomNSE.swift */ = {isa = PBXFileReference; lastKnownFileType = sourcecode.swift; path = CreateRoomNSE.swift; sourceTree = "<group>"; };
		074B8A722A8C260800EB39C2 /* JoinRoomNSE.swift */ = {isa = PBXFileReference; lastKnownFileType = sourcecode.swift; path = JoinRoomNSE.swift; sourceTree = "<group>"; };
		074B8A742A8C262C00EB39C2 /* QuitFromRoomNSE.swift */ = {isa = PBXFileReference; lastKnownFileType = sourcecode.swift; path = QuitFromRoomNSE.swift; sourceTree = "<group>"; };
		074B8A772A8C265700EB39C2 /* GetMovieNSE.swift */ = {isa = PBXFileReference; lastKnownFileType = sourcecode.swift; path = GetMovieNSE.swift; sourceTree = "<group>"; };
		07517C3A2AFB9EE100751EBB /* Colors+gradientColorPattern.swift */ = {isa = PBXFileReference; lastKnownFileType = sourcecode.swift; path = "Colors+gradientColorPattern.swift"; sourceTree = "<group>"; };
		0758C2E5291174F800E48140 /* NetworkServiceProtocol.swift */ = {isa = PBXFileReference; lastKnownFileType = sourcecode.swift; path = NetworkServiceProtocol.swift; sourceTree = "<group>"; };
		0758C2E72911752200E48140 /* NetworkServiceImplementation.swift */ = {isa = PBXFileReference; lastKnownFileType = sourcecode.swift; path = NetworkServiceImplementation.swift; sourceTree = "<group>"; };
		0758C2EB2911777300E48140 /* TokenDTO.swift */ = {isa = PBXFileReference; lastKnownFileType = sourcecode.swift; path = TokenDTO.swift; sourceTree = "<group>"; };
		0763C00A2934979C00142CC8 /* ExtensionSessionWebSocketPresneter.swift */ = {isa = PBXFileReference; lastKnownFileType = sourcecode.swift; path = ExtensionSessionWebSocketPresneter.swift; sourceTree = "<group>"; };
		077933D12A8FAE4300B0F509 /* UIColor+InitWithHex.swift */ = {isa = PBXFileReference; lastKnownFileType = sourcecode.swift; path = "UIColor+InitWithHex.swift"; sourceTree = "<group>"; };
		077933D42A8FF8C000B0F509 /* LoggerProtocol.swift */ = {isa = PBXFileReference; lastKnownFileType = sourcecode.swift; path = LoggerProtocol.swift; sourceTree = "<group>"; };
		077933D62A8FF8E600B0F509 /* LogLevel.swift */ = {isa = PBXFileReference; lastKnownFileType = sourcecode.swift; path = LogLevel.swift; sourceTree = "<group>"; };
		077933D82A8FF90900B0F509 /* LogFormatElement.swift */ = {isa = PBXFileReference; lastKnownFileType = sourcecode.swift; path = LogFormatElement.swift; sourceTree = "<group>"; };
		077933DA2A8FF93000B0F509 /* LogFormat.swift */ = {isa = PBXFileReference; lastKnownFileType = sourcecode.swift; path = LogFormat.swift; sourceTree = "<group>"; };
		077933DC2A8FF94E00B0F509 /* LogDestinationProtocol.swift */ = {isa = PBXFileReference; lastKnownFileType = sourcecode.swift; path = LogDestinationProtocol.swift; sourceTree = "<group>"; };
		077933DE2A8FF96C00B0F509 /* Log.swift */ = {isa = PBXFileReference; lastKnownFileType = sourcecode.swift; path = Log.swift; sourceTree = "<group>"; };
		077933E02A8FF99100B0F509 /* DefaultLogger.swift */ = {isa = PBXFileReference; lastKnownFileType = sourcecode.swift; path = DefaultLogger.swift; sourceTree = "<group>"; };
		077933E22A8FF9B000B0F509 /* ConsoleDestination.swift */ = {isa = PBXFileReference; lastKnownFileType = sourcecode.swift; path = ConsoleDestination.swift; sourceTree = "<group>"; };
		077977592A8E33EA000DAF72 /* AppDelegate.swift */ = {isa = PBXFileReference; lastKnownFileType = sourcecode.swift; path = AppDelegate.swift; sourceTree = "<group>"; };
		0779775B2A8E34A7000DAF72 /* AppCoordinator.swift */ = {isa = PBXFileReference; lastKnownFileType = sourcecode.swift; path = AppCoordinator.swift; sourceTree = "<group>"; };
		0779775D2A8E3553000DAF72 /* RootViewController.swift */ = {isa = PBXFileReference; lastKnownFileType = sourcecode.swift; path = RootViewController.swift; sourceTree = "<group>"; };
		077977622A8E367F000DAF72 /* Fonts.swift */ = {isa = PBXFileReference; lastKnownFileType = sourcecode.swift; path = Fonts.swift; sourceTree = "<group>"; };
		077977892A8E3839000DAF72 /* Poppins-LightItalic.ttf */ = {isa = PBXFileReference; lastKnownFileType = file; path = "Poppins-LightItalic.ttf"; sourceTree = "<group>"; };
		0779778A2A8E3839000DAF72 /* Poppins-Black.ttf */ = {isa = PBXFileReference; lastKnownFileType = file; path = "Poppins-Black.ttf"; sourceTree = "<group>"; };
		0779778B2A8E383A000DAF72 /* Poppins-MediumItalic.ttf */ = {isa = PBXFileReference; lastKnownFileType = file; path = "Poppins-MediumItalic.ttf"; sourceTree = "<group>"; };
		0779778C2A8E383A000DAF72 /* Poppins-Thin.ttf */ = {isa = PBXFileReference; lastKnownFileType = file; path = "Poppins-Thin.ttf"; sourceTree = "<group>"; };
		0779778D2A8E383A000DAF72 /* Poppins-SemiBold.ttf */ = {isa = PBXFileReference; lastKnownFileType = file; path = "Poppins-SemiBold.ttf"; sourceTree = "<group>"; };
		0779778E2A8E383A000DAF72 /* Poppins-ExtraBold.ttf */ = {isa = PBXFileReference; lastKnownFileType = file; path = "Poppins-ExtraBold.ttf"; sourceTree = "<group>"; };
		0779778F2A8E383A000DAF72 /* Poppins-BoldItalic.ttf */ = {isa = PBXFileReference; lastKnownFileType = file; path = "Poppins-BoldItalic.ttf"; sourceTree = "<group>"; };
		077977902A8E383A000DAF72 /* Poppins-SemiBoldItalic.ttf */ = {isa = PBXFileReference; lastKnownFileType = file; path = "Poppins-SemiBoldItalic.ttf"; sourceTree = "<group>"; };
		077977912A8E383A000DAF72 /* Poppins-ThinItalic.ttf */ = {isa = PBXFileReference; lastKnownFileType = file; path = "Poppins-ThinItalic.ttf"; sourceTree = "<group>"; };
		077977922A8E383A000DAF72 /* Poppins-Regular.ttf */ = {isa = PBXFileReference; lastKnownFileType = file; path = "Poppins-Regular.ttf"; sourceTree = "<group>"; };
		077977932A8E383B000DAF72 /* Poppins-Bold.ttf */ = {isa = PBXFileReference; lastKnownFileType = file; path = "Poppins-Bold.ttf"; sourceTree = "<group>"; };
		077977942A8E383B000DAF72 /* Poppins-Italic.ttf */ = {isa = PBXFileReference; lastKnownFileType = file; path = "Poppins-Italic.ttf"; sourceTree = "<group>"; };
		077977952A8E383B000DAF72 /* Poppins-ExtraBoldItalic.ttf */ = {isa = PBXFileReference; lastKnownFileType = file; path = "Poppins-ExtraBoldItalic.ttf"; sourceTree = "<group>"; };
		077977962A8E383B000DAF72 /* Poppins-ExtraLightItalic.ttf */ = {isa = PBXFileReference; lastKnownFileType = file; path = "Poppins-ExtraLightItalic.ttf"; sourceTree = "<group>"; };
		077977972A8E383B000DAF72 /* Poppins-Light.ttf */ = {isa = PBXFileReference; lastKnownFileType = file; path = "Poppins-Light.ttf"; sourceTree = "<group>"; };
		077977982A8E383B000DAF72 /* Poppins-ExtraLight.ttf */ = {isa = PBXFileReference; lastKnownFileType = file; path = "Poppins-ExtraLight.ttf"; sourceTree = "<group>"; };
		077977992A8E383C000DAF72 /* Poppins-Medium.ttf */ = {isa = PBXFileReference; lastKnownFileType = file; path = "Poppins-Medium.ttf"; sourceTree = "<group>"; };
		0779779A2A8E383C000DAF72 /* Poppins-BlackItalic.ttf */ = {isa = PBXFileReference; lastKnownFileType = file; path = "Poppins-BlackItalic.ttf"; sourceTree = "<group>"; };
		077977D72A8E6C0B000DAF72 /* Empty.swift */ = {isa = PBXFileReference; fileEncoding = 4; lastKnownFileType = sourcecode.swift; name = Empty.swift; path = ../../../../../../_Components/NetworkClient/Model/Empty.swift; sourceTree = "<group>"; };
		077977D92A8E6D3C000DAF72 /* APIService.swift */ = {isa = PBXFileReference; lastKnownFileType = sourcecode.swift; path = APIService.swift; sourceTree = "<group>"; };
		077977DB2A8E717B000DAF72 /* UINavigationController+FadeTo.swift */ = {isa = PBXFileReference; lastKnownFileType = sourcecode.swift; path = "UINavigationController+FadeTo.swift"; sourceTree = "<group>"; };
		077977DF2A8E7253000DAF72 /* Service+KeyChain.swift */ = {isa = PBXFileReference; lastKnownFileType = sourcecode.swift; path = "Service+KeyChain.swift"; sourceTree = "<group>"; };
		077977E22A8E789F000DAF72 /* UserService.swift */ = {isa = PBXFileReference; lastKnownFileType = sourcecode.swift; path = UserService.swift; sourceTree = "<group>"; };
		077977E52A8E855D000DAF72 /* EntranceModuleBuilder.swift */ = {isa = PBXFileReference; lastKnownFileType = sourcecode.swift; path = EntranceModuleBuilder.swift; sourceTree = "<group>"; };
		077B2ECC29069A060087504C /* SessionModuleBuilderOld.swift */ = {isa = PBXFileReference; lastKnownFileType = sourcecode.swift; path = SessionModuleBuilderOld.swift; sourceTree = "<group>"; };
		077B2ED129069A4B0087504C /* SessionModulePresenter.swift */ = {isa = PBXFileReference; lastKnownFileType = sourcecode.swift; path = SessionModulePresenter.swift; sourceTree = "<group>"; };
		077B2ED529069ADC0087504C /* PosterView.swift */ = {isa = PBXFileReference; lastKnownFileType = sourcecode.swift; path = PosterView.swift; sourceTree = "<group>"; };
		077B2ED729069BAB0087504C /* CollectionView.swift */ = {isa = PBXFileReference; lastKnownFileType = sourcecode.swift; path = CollectionView.swift; sourceTree = "<group>"; };
		077B2ED92907BB450087504C /* Global Constants.swift */ = {isa = PBXFileReference; lastKnownFileType = sourcecode.swift; path = "Global Constants.swift"; sourceTree = "<group>"; };
		077B2EDB29080E2C0087504C /* PosterViewModels.swift */ = {isa = PBXFileReference; lastKnownFileType = sourcecode.swift; path = PosterViewModels.swift; sourceTree = "<group>"; };
		077B2EDD29080E680087504C /* SMConstants.swift */ = {isa = PBXFileReference; lastKnownFileType = sourcecode.swift; path = SMConstants.swift; sourceTree = "<group>"; };
		077B2EDF29080E970087504C /* SMViewModels.swift */ = {isa = PBXFileReference; lastKnownFileType = sourcecode.swift; path = SMViewModels.swift; sourceTree = "<group>"; };
		077FD1E92B03AA87000C7A73 /* PeekBottomSheetDraggerView.swift */ = {isa = PBXFileReference; lastKnownFileType = sourcecode.swift; path = PeekBottomSheetDraggerView.swift; sourceTree = "<group>"; };
		077FD1EB2B03CAAA000C7A73 /* PasswordRestorationViewComponents+Constants.swift */ = {isa = PBXFileReference; lastKnownFileType = sourcecode.swift; path = "PasswordRestorationViewComponents+Constants.swift"; sourceTree = "<group>"; };
		077FD1ED2B03CD34000C7A73 /* PasswordRestorationViewComponents+ChangeState.swift */ = {isa = PBXFileReference; lastKnownFileType = sourcecode.swift; path = "PasswordRestorationViewComponents+ChangeState.swift"; sourceTree = "<group>"; };
		077FD1EF2B03D8EC000C7A73 /* PasswordRestorationViewComponents+HStackView.swift */ = {isa = PBXFileReference; lastKnownFileType = sourcecode.swift; path = "PasswordRestorationViewComponents+HStackView.swift"; sourceTree = "<group>"; };
		07832A2429248C390079E1E9 /* ExtensionEntranceWebSocketPresenter.swift */ = {isa = PBXFileReference; lastKnownFileType = sourcecode.swift; path = ExtensionEntranceWebSocketPresenter.swift; sourceTree = "<group>"; };
		07832A26292668950079E1E9 /* ExtensionPosterViewPresenter.swift */ = {isa = PBXFileReference; lastKnownFileType = sourcecode.swift; path = ExtensionPosterViewPresenter.swift; sourceTree = "<group>"; };
		0788F41E28F82990006F447F /* EntranceModulePresenter.swift */ = {isa = PBXFileReference; lastKnownFileType = sourcecode.swift; path = EntranceModulePresenter.swift; sourceTree = "<group>"; };
		0788F42128F829B5006F447F /* EntranceModuleBuilderOld.swift */ = {isa = PBXFileReference; lastKnownFileType = sourcecode.swift; path = EntranceModuleBuilderOld.swift; sourceTree = "<group>"; };
		0788F42328F82B19006F447F /* LoginPage.swift */ = {isa = PBXFileReference; lastKnownFileType = sourcecode.swift; path = LoginPage.swift; sourceTree = "<group>"; };
		0788F42528F8321F006F447F /* LoginViewComponents.swift */ = {isa = PBXFileReference; lastKnownFileType = sourcecode.swift; path = LoginViewComponents.swift; sourceTree = "<group>"; };
		079E5EB729092EC8006AF238 /* MovieInfoScrollViewModel.swift */ = {isa = PBXFileReference; lastKnownFileType = sourcecode.swift; path = MovieInfoScrollViewModel.swift; sourceTree = "<group>"; };
		079E5EB92909753C006AF238 /* MovieInfoStackViewModel.swift */ = {isa = PBXFileReference; lastKnownFileType = sourcecode.swift; path = MovieInfoStackViewModel.swift; sourceTree = "<group>"; };
		07A66F2A2916CB2F003BB6B9 /* ErrorDTO.swift */ = {isa = PBXFileReference; lastKnownFileType = sourcecode.swift; path = ErrorDTO.swift; sourceTree = "<group>"; };
		07A66F2C2916CB51003BB6B9 /* ResponseDTO.swift */ = {isa = PBXFileReference; lastKnownFileType = sourcecode.swift; path = ResponseDTO.swift; sourceTree = "<group>"; };
		07ABF65B29193799007C4A52 /* InformativeViewComponents.swift */ = {isa = PBXFileReference; lastKnownFileType = sourcecode.swift; path = InformativeViewComponents.swift; sourceTree = "<group>"; };
		07ABF65D291AD436007C4A52 /* ExtensionLoginPagePresenter.swift */ = {isa = PBXFileReference; lastKnownFileType = sourcecode.swift; path = ExtensionLoginPagePresenter.swift; sourceTree = "<group>"; };
		07ABF65F291AD4A7007C4A52 /* ExtensionPasswordPagePresenter.swift */ = {isa = PBXFileReference; lastKnownFileType = sourcecode.swift; path = ExtensionPasswordPagePresenter.swift; sourceTree = "<group>"; };
		07ABF661291AD4BF007C4A52 /* ExtensionRegisterPagePresenter.swift */ = {isa = PBXFileReference; lastKnownFileType = sourcecode.swift; path = ExtensionRegisterPagePresenter.swift; sourceTree = "<group>"; };
		07ABF663291AD4DA007C4A52 /* ExtensionAuthorizedPagePresenter.swift */ = {isa = PBXFileReference; lastKnownFileType = sourcecode.swift; path = ExtensionAuthorizedPagePresenter.swift; sourceTree = "<group>"; };
		07ABF665291AD4F8007C4A52 /* ExtensionWaitingPagePresenter.swift */ = {isa = PBXFileReference; lastKnownFileType = sourcecode.swift; path = ExtensionWaitingPagePresenter.swift; sourceTree = "<group>"; };
		07ACBA972AFD29F400D07487 /* AuthorizationViewController+HandleButtons.swift */ = {isa = PBXFileReference; lastKnownFileType = sourcecode.swift; path = "AuthorizationViewController+HandleButtons.swift"; sourceTree = "<group>"; };
		07ACBA9A2AFD32E800D07487 /* AuthorizationViewComponents+Constraints.swift */ = {isa = PBXFileReference; lastKnownFileType = sourcecode.swift; path = "AuthorizationViewComponents+Constraints.swift"; sourceTree = "<group>"; };
		07ACBA9C2AFD3B1200D07487 /* AuthorizationViewComponents+ChangeState.swift */ = {isa = PBXFileReference; lastKnownFileType = sourcecode.swift; path = "AuthorizationViewComponents+ChangeState.swift"; sourceTree = "<group>"; };
		07BB3FD52AF90638001E0E63 /* PeekLabel.swift */ = {isa = PBXFileReference; lastKnownFileType = sourcecode.swift; path = PeekLabel.swift; sourceTree = "<group>"; };
		07BBD947291BE08F00DD13BA /* MockNetworkService.swift */ = {isa = PBXFileReference; lastKnownFileType = sourcecode.swift; path = MockNetworkService.swift; sourceTree = "<group>"; };
		07BD8B762A93EE9E0089199E /* LobbyModuleBuilder.swift */ = {isa = PBXFileReference; lastKnownFileType = sourcecode.swift; path = LobbyModuleBuilder.swift; sourceTree = "<group>"; };
		07BD8B782A93EEC50089199E /* SessionModuleBuilder.swift */ = {isa = PBXFileReference; lastKnownFileType = sourcecode.swift; path = SessionModuleBuilder.swift; sourceTree = "<group>"; };
		07BD8B7E2A93F4C50089199E /* AppCoordinator+Navigation.swift */ = {isa = PBXFileReference; lastKnownFileType = sourcecode.swift; path = "AppCoordinator+Navigation.swift"; sourceTree = "<group>"; };
		07BE23182B0239A600E70299 /* PassowrdRestorationViewController.swift */ = {isa = PBXFileReference; lastKnownFileType = sourcecode.swift; path = PassowrdRestorationViewController.swift; sourceTree = "<group>"; };
		07BE231C2B023A7C00E70299 /* PasswordRestorationViewComponents.swift */ = {isa = PBXFileReference; lastKnownFileType = sourcecode.swift; path = PasswordRestorationViewComponents.swift; sourceTree = "<group>"; };
		07BE231F2B023B1300E70299 /* PasswordRestorationViewController+HandleButtons.swift */ = {isa = PBXFileReference; lastKnownFileType = sourcecode.swift; path = "PasswordRestorationViewController+HandleButtons.swift"; sourceTree = "<group>"; };
		07BE23212B023B5A00E70299 /* PasswordRestorationViewComponents+Constraints.swift */ = {isa = PBXFileReference; lastKnownFileType = sourcecode.swift; path = "PasswordRestorationViewComponents+Constraints.swift"; sourceTree = "<group>"; };
		07C8212E291019E000B055D0 /* MovieDTO.swift */ = {isa = PBXFileReference; lastKnownFileType = sourcecode.swift; path = MovieDTO.swift; sourceTree = "<group>"; };
		07CBD4222AF8236300005F63 /* PeekIconView.swift */ = {isa = PBXFileReference; lastKnownFileType = sourcecode.swift; path = PeekIconView.swift; sourceTree = "<group>"; };
		07CEA3922AF5661D00E69FAB /* Colors.swift */ = {isa = PBXFileReference; lastKnownFileType = sourcecode.swift; path = Colors.swift; sourceTree = "<group>"; };
		07CEA3942AF79ECC00E69FAB /* PeekInputTextField.swift */ = {isa = PBXFileReference; lastKnownFileType = sourcecode.swift; path = PeekInputTextField.swift; sourceTree = "<group>"; };
		07CEA3972AF7A8A400E69FAB /* Images.swift */ = {isa = PBXFileReference; lastKnownFileType = sourcecode.swift; path = Images.swift; sourceTree = "<group>"; };
		07CEA39A2AF7ABB800E69FAB /* PeekButton.swift */ = {isa = PBXFileReference; lastKnownFileType = sourcecode.swift; path = PeekButton.swift; sourceTree = "<group>"; };
		07D401B828F8641700BF3F55 /* PasswordPage.swift */ = {isa = PBXFileReference; lastKnownFileType = sourcecode.swift; path = PasswordPage.swift; sourceTree = "<group>"; };
		07D401BA28F8653D00BF3F55 /* PasswordViewComponents.swift */ = {isa = PBXFileReference; lastKnownFileType = sourcecode.swift; path = PasswordViewComponents.swift; sourceTree = "<group>"; };
		07D401BC28F890F400BF3F55 /* LaunchPage.swift */ = {isa = PBXFileReference; lastKnownFileType = sourcecode.swift; path = LaunchPage.swift; sourceTree = "<group>"; };
		07DBA83B28F3F734000A1312 /* PeekMovie.app */ = {isa = PBXFileReference; explicitFileType = wrapper.application; includeInIndex = 0; path = PeekMovie.app; sourceTree = BUILT_PRODUCTS_DIR; };
		07DBA83E28F3F734000A1312 /* AppDelegateOld.swift */ = {isa = PBXFileReference; lastKnownFileType = sourcecode.swift; path = AppDelegateOld.swift; sourceTree = "<group>"; };
		07DBA84228F3F734000A1312 /* AuthorizedPage.swift */ = {isa = PBXFileReference; lastKnownFileType = sourcecode.swift; path = AuthorizedPage.swift; sourceTree = "<group>"; };
		07DBA84528F3F734000A1312 /* Base */ = {isa = PBXFileReference; lastKnownFileType = file.storyboard; name = Base; path = Base.lproj/Main.storyboard; sourceTree = "<group>"; };
		07DBA84728F3F73A000A1312 /* Assets.xcassets */ = {isa = PBXFileReference; lastKnownFileType = folder.assetcatalog; path = Assets.xcassets; sourceTree = "<group>"; };
		07DBA84C28F3F73A000A1312 /* Info.plist */ = {isa = PBXFileReference; lastKnownFileType = text.plist.xml; path = Info.plist; sourceTree = "<group>"; };
		07DBA85228F3F830000A1312 /* AppCoordinatorOld.swift */ = {isa = PBXFileReference; lastKnownFileType = sourcecode.swift; path = AppCoordinatorOld.swift; sourceTree = "<group>"; };
		07DBA85928F55E3B000A1312 /* AuthorizedPageViewComponents.swift */ = {isa = PBXFileReference; lastKnownFileType = sourcecode.swift; path = AuthorizedPageViewComponents.swift; sourceTree = "<group>"; };
		07DBA85C28F55E77000A1312 /* DesignProtocols.swift */ = {isa = PBXFileReference; lastKnownFileType = sourcecode.swift; path = DesignProtocols.swift; sourceTree = "<group>"; };
		07EB1CB828FD47950031598A /* NetworkClientImplementation.swift */ = {isa = PBXFileReference; lastKnownFileType = sourcecode.swift; path = NetworkClientImplementation.swift; sourceTree = "<group>"; };
		07EB1CBA28FD47C90031598A /* NrtworkClientProtocol.swift */ = {isa = PBXFileReference; lastKnownFileType = sourcecode.swift; path = NrtworkClientProtocol.swift; sourceTree = "<group>"; };
		07EB1CBD28FD48100031598A /* HTTPNetworkResponse.swift */ = {isa = PBXFileReference; fileEncoding = 4; lastKnownFileType = sourcecode.swift; path = HTTPNetworkResponse.swift; sourceTree = "<group>"; };
		07EB1CBE28FD48100031598A /* HTTPRequest.swift */ = {isa = PBXFileReference; fileEncoding = 4; lastKnownFileType = sourcecode.swift; path = HTTPRequest.swift; sourceTree = "<group>"; };
		07EB1CBF28FD48100031598A /* HTTPError.swift */ = {isa = PBXFileReference; fileEncoding = 4; lastKnownFileType = sourcecode.swift; path = HTTPError.swift; sourceTree = "<group>"; };
		07EB1CC028FD48100031598A /* HTTPMethod.swift */ = {isa = PBXFileReference; fileEncoding = 4; lastKnownFileType = sourcecode.swift; path = HTTPMethod.swift; sourceTree = "<group>"; };
		07EB1CC728FDE0680031598A /* WaitingPage.swift */ = {isa = PBXFileReference; lastKnownFileType = sourcecode.swift; path = WaitingPage.swift; sourceTree = "<group>"; };
		07EB1CC928FDE6EB0031598A /* WaitingRoomViewComponents.swift */ = {isa = PBXFileReference; lastKnownFileType = sourcecode.swift; path = WaitingRoomViewComponents.swift; sourceTree = "<group>"; };
		07EB1CCB28FE219C0031598A /* Animations.swift */ = {isa = PBXFileReference; lastKnownFileType = sourcecode.swift; path = Animations.swift; sourceTree = "<group>"; };
		07F8930D29127B5200E8FDD4 /* RegistrationFormDTO.swift */ = {isa = PBXFileReference; lastKnownFileType = sourcecode.swift; path = RegistrationFormDTO.swift; sourceTree = "<group>"; };
		07FC65C62AFA4089001C039D /* AuthorizationViewComponents+BottomHStackView.swift */ = {isa = PBXFileReference; lastKnownFileType = sourcecode.swift; path = "AuthorizationViewComponents+BottomHStackView.swift"; sourceTree = "<group>"; };
		07FC65C82AFA4189001C039D /* PeekBackgroundGradient.swift */ = {isa = PBXFileReference; lastKnownFileType = sourcecode.swift; path = PeekBackgroundGradient.swift; sourceTree = "<group>"; };
		07FC950E2AF3DF2D002FE0A9 /* RootViewControllerViewComponents.swift */ = {isa = PBXFileReference; lastKnownFileType = sourcecode.swift; path = RootViewControllerViewComponents.swift; sourceTree = "<group>"; };
/* End PBXFileReference section */

/* Begin PBXFrameworksBuildPhase section */
		07DBA83828F3F734000A1312 /* Frameworks */ = {
			isa = PBXFrameworksBuildPhase;
			buildActionMask = 2147483647;
			files = (
				07FC950D2AF3D84E002FE0A9 /* NVActivityIndicatorView in Frameworks */,
			);
			runOnlyForDeploymentPostprocessing = 0;
		};
/* End PBXFrameworksBuildPhase section */

/* Begin PBXGroup section */
		072EE6582A95350100CFCC2A /* Models */ = {
			isa = PBXGroup;
			children = (
			);
			path = Models;
			sourceTree = "<group>";
		};
		072EE65B2A95359C00CFCC2A /* AuthorizationPage */ = {
			isa = PBXGroup;
			children = (
				072EE65C2A9535C000CFCC2A /* AuthorizationViewController.swift */,
				07ACBA992AFD32CD00D07487 /* View Components */,
				072EE6602A95373600CFCC2A /* Extensions */,
			);
			path = AuthorizationPage;
			sourceTree = "<group>";
		};
		072EE6602A95373600CFCC2A /* Extensions */ = {
			isa = PBXGroup;
			children = (
				07ACBA972AFD29F400D07487 /* AuthorizationViewController+HandleButtons.swift */,
			);
			path = Extensions;
			sourceTree = "<group>";
		};
		0731B0652B010E46006162D7 /* Extensions */ = {
			isa = PBXGroup;
			children = (
				07ACBA9A2AFD32E800D07487 /* AuthorizationViewComponents+Constraints.swift */,
				07ACBA9C2AFD3B1200D07487 /* AuthorizationViewComponents+ChangeState.swift */,
				07FC65C62AFA4089001C039D /* AuthorizationViewComponents+BottomHStackView.swift */,
				072EE6612A95375E00CFCC2A /* AuthorizationViewComponents+Constants.swift */,
				0731B0632B00F6A4006162D7 /* AuthorizationViewComponents+Constants+ChangeState.swift */,
			);
			path = Extensions;
			sourceTree = "<group>";
		};
		073B584E28F97B37000EE21F /* Login Page */ = {
			isa = PBXGroup;
			children = (
				0788F42328F82B19006F447F /* LoginPage.swift */,
				0788F42528F8321F006F447F /* LoginViewComponents.swift */,
			);
			path = "Login Page";
			sourceTree = "<group>";
		};
		073B584F28F97B56000EE21F /* Password Page */ = {
			isa = PBXGroup;
			children = (
				07D401B828F8641700BF3F55 /* PasswordPage.swift */,
				07D401BA28F8653D00BF3F55 /* PasswordViewComponents.swift */,
			);
			path = "Password Page";
			sourceTree = "<group>";
		};
		073B585028F97B6A000EE21F /* Register Page */ = {
			isa = PBXGroup;
			children = (
				073B584C28F97B1F000EE21F /* RegisterPage.swift */,
				073B585128F97C30000EE21F /* RegisterPageViewComponents.swift */,
			);
			path = "Register Page";
			sourceTree = "<group>";
		};
		074B8A612A8C237200EB39C2 /* Network */ = {
			isa = PBXGroup;
			children = (
				077977D92A8E6D3C000DAF72 /* APIService.swift */,
				07EB1CB728FD47740031598A /* Client */,
				074B8A622A8C237A00EB39C2 /* Service */,
			);
			path = Network;
			sourceTree = "<group>";
		};
		074B8A622A8C237A00EB39C2 /* Service */ = {
			isa = PBXGroup;
			children = (
				0758C2E5291174F800E48140 /* NetworkServiceProtocol.swift */,
				0758C2E42911610100E48140 /* Model */,
				074B8A682A8C252200EB39C2 /* Implementation */,
				074B8A672A8C251C00EB39C2 /* Mock */,
			);
			path = Service;
			sourceTree = "<group>";
		};
		074B8A662A8C244400EB39C2 /* App */ = {
			isa = PBXGroup;
			children = (
				07DBA85228F3F830000A1312 /* AppCoordinatorOld.swift */,
				07D401BC28F890F400BF3F55 /* LaunchPage.swift */,
			);
			path = App;
			sourceTree = "<group>";
		};
		074B8A672A8C251C00EB39C2 /* Mock */ = {
			isa = PBXGroup;
			children = (
				07BBD947291BE08F00DD13BA /* MockNetworkService.swift */,
			);
			path = Mock;
			sourceTree = "<group>";
		};
		074B8A682A8C252200EB39C2 /* Implementation */ = {
			isa = PBXGroup;
			children = (
				0758C2E72911752200E48140 /* NetworkServiceImplementation.swift */,
				074B8A692A8C253F00EB39C2 /* Extension */,
			);
			path = Implementation;
			sourceTree = "<group>";
		};
		074B8A692A8C253F00EB39C2 /* Extension */ = {
			isa = PBXGroup;
			children = (
				074B8A6A2A8C254F00EB39C2 /* RegisterNSE.swift */,
				074B8A6C2A8C257E00EB39C2 /* loginNSE.swift */,
				074B8A6E2A8C25A500EB39C2 /* CheckUsernameNSE.swift */,
				074B8A702A8C25DD00EB39C2 /* CreateRoomNSE.swift */,
				074B8A722A8C260800EB39C2 /* JoinRoomNSE.swift */,
				074B8A742A8C262C00EB39C2 /* QuitFromRoomNSE.swift */,
				074B8A772A8C265700EB39C2 /* GetMovieNSE.swift */,
			);
			path = Extension;
			sourceTree = "<group>";
		};
		0758C2E42911610100E48140 /* Model */ = {
			isa = PBXGroup;
			children = (
				07C8212E291019E000B055D0 /* MovieDTO.swift */,
				073B585328F97CA8000EE21F /* PeekID.swift */,
				0758C2EB2911777300E48140 /* TokenDTO.swift */,
				071A3BEF291FC3BE009A7689 /* RoomDTO.swift */,
				07F8930D29127B5200E8FDD4 /* RegistrationFormDTO.swift */,
				07A66F2C2916CB51003BB6B9 /* ResponseDTO.swift */,
				07A66F2A2916CB2F003BB6B9 /* ErrorDTO.swift */,
			);
			path = Model;
			sourceTree = "<group>";
		};
		077933D32A8FF89C00B0F509 /* Logger */ = {
			isa = PBXGroup;
			children = (
				077933D42A8FF8C000B0F509 /* LoggerProtocol.swift */,
				077933D62A8FF8E600B0F509 /* LogLevel.swift */,
				077933D82A8FF90900B0F509 /* LogFormatElement.swift */,
				077933DA2A8FF93000B0F509 /* LogFormat.swift */,
				077933DC2A8FF94E00B0F509 /* LogDestinationProtocol.swift */,
				077933DE2A8FF96C00B0F509 /* Log.swift */,
				077933E02A8FF99100B0F509 /* DefaultLogger.swift */,
				077933E22A8FF9B000B0F509 /* ConsoleDestination.swift */,
			);
			path = Logger;
			sourceTree = "<group>";
		};
		077977582A8E33B6000DAF72 /* Old */ = {
			isa = PBXGroup;
			children = (
				07DBA83E28F3F734000A1312 /* AppDelegateOld.swift */,
				074B8A662A8C244400EB39C2 /* App */,
				07DBA85628F55E00000A1312 /* Utils */,
				0788F41B28F82942006F447F /* EntranceModuleOld */,
				077B2ECB290699F00087504C /* Session Module */,
			);
			path = Old;
			sourceTree = "<group>";
		};
		0779775F2A8E3567000DAF72 /* App */ = {
			isa = PBXGroup;
			children = (
				077977592A8E33EA000DAF72 /* AppDelegate.swift */,
				07BD8B7A2A93F48B0089199E /* AppCoordinator */,
				07BD8B7B2A93F4950089199E /* RootViewController */,
			);
			path = App;
			sourceTree = "<group>";
		};
		077977602A8E3662000DAF72 /* ViewComponents */ = {
			isa = PBXGroup;
			children = (
				072EE6632A953CCE00CFCC2A /* InputTextField.swift */,
				072EE6652A953DCE00CFCC2A /* ShimmerGradient.swift */,
				07CEA3942AF79ECC00E69FAB /* PeekInputTextField.swift */,
				07CEA39A2AF7ABB800E69FAB /* PeekButton.swift */,
				07CBD4222AF8236300005F63 /* PeekIconView.swift */,
				07BB3FD52AF90638001E0E63 /* PeekLabel.swift */,
				07FC65C82AFA4189001C039D /* PeekBackgroundGradient.swift */,
				0731B05F2B00ED2C006162D7 /* PeekBackgroundImageView.swift */,
				0731B0612B00EE89006162D7 /* PeekCoverView.swift */,
				077FD1E92B03AA87000C7A73 /* PeekBottomSheetDraggerView.swift */,
			);
			path = ViewComponents;
			sourceTree = "<group>";
		};
		077977612A8E3674000DAF72 /* Utils */ = {
			isa = PBXGroup;
			children = (
				077933D32A8FF89C00B0F509 /* Logger */,
				077977DD2A8E7186000DAF72 /* Extensions */,
				077977882A8E382D000DAF72 /* Fonts */,
				07CEA3912AF5660600E69FAB /* Colors */,
				07CEA3962AF7A88900E69FAB /* Images */,
			);
			path = Utils;
			sourceTree = "<group>";
		};
		077977882A8E382D000DAF72 /* Fonts */ = {
			isa = PBXGroup;
			children = (
				077977622A8E367F000DAF72 /* Fonts.swift */,
				0779779B2A8E3851000DAF72 /* ttf */,
			);
			path = Fonts;
			sourceTree = "<group>";
		};
		0779779B2A8E3851000DAF72 /* ttf */ = {
			isa = PBXGroup;
			children = (
				0779778A2A8E3839000DAF72 /* Poppins-Black.ttf */,
				0779779A2A8E383C000DAF72 /* Poppins-BlackItalic.ttf */,
				077977932A8E383B000DAF72 /* Poppins-Bold.ttf */,
				0779778F2A8E383A000DAF72 /* Poppins-BoldItalic.ttf */,
				0779778E2A8E383A000DAF72 /* Poppins-ExtraBold.ttf */,
				077977952A8E383B000DAF72 /* Poppins-ExtraBoldItalic.ttf */,
				077977982A8E383B000DAF72 /* Poppins-ExtraLight.ttf */,
				077977962A8E383B000DAF72 /* Poppins-ExtraLightItalic.ttf */,
				077977942A8E383B000DAF72 /* Poppins-Italic.ttf */,
				077977972A8E383B000DAF72 /* Poppins-Light.ttf */,
				077977892A8E3839000DAF72 /* Poppins-LightItalic.ttf */,
				077977992A8E383C000DAF72 /* Poppins-Medium.ttf */,
				0779778B2A8E383A000DAF72 /* Poppins-MediumItalic.ttf */,
				077977922A8E383A000DAF72 /* Poppins-Regular.ttf */,
				0779778D2A8E383A000DAF72 /* Poppins-SemiBold.ttf */,
				077977902A8E383A000DAF72 /* Poppins-SemiBoldItalic.ttf */,
				0779778C2A8E383A000DAF72 /* Poppins-Thin.ttf */,
				077977912A8E383A000DAF72 /* Poppins-ThinItalic.ttf */,
			);
			path = ttf;
			sourceTree = "<group>";
		};
		077977D42A8E6B47000DAF72 /* Service */ = {
			isa = PBXGroup;
			children = (
				074B8A632A8C239200EB39C2 /* Service.swift */,
				077977DE2A8E7237000DAF72 /* Extension */,
				074B8A612A8C237200EB39C2 /* Network */,
				077977E12A8E788A000DAF72 /* User */,
			);
			path = Service;
			sourceTree = "<group>";
		};
		077977DD2A8E7186000DAF72 /* Extensions */ = {
			isa = PBXGroup;
			children = (
				077977DB2A8E717B000DAF72 /* UINavigationController+FadeTo.swift */,
				077933D12A8FAE4300B0F509 /* UIColor+InitWithHex.swift */,
			);
			path = Extensions;
			sourceTree = "<group>";
		};
		077977DE2A8E7237000DAF72 /* Extension */ = {
			isa = PBXGroup;
			children = (
				077977DF2A8E7253000DAF72 /* Service+KeyChain.swift */,
			);
			path = Extension;
			sourceTree = "<group>";
		};
		077977E12A8E788A000DAF72 /* User */ = {
			isa = PBXGroup;
			children = (
				077977E22A8E789F000DAF72 /* UserService.swift */,
			);
			path = User;
			sourceTree = "<group>";
		};
		077977E42A8E8512000DAF72 /* Entrance */ = {
			isa = PBXGroup;
			children = (
				077977E52A8E855D000DAF72 /* EntranceModuleBuilder.swift */,
				072EE65B2A95359C00CFCC2A /* AuthorizationPage */,
				07BE23172B02398100E70299 /* PasswordRestorationPage */,
			);
			path = Entrance;
			sourceTree = "<group>";
		};
		077B2ECB290699F00087504C /* Session Module */ = {
			isa = PBXGroup;
			children = (
				077B2ECC29069A060087504C /* SessionModuleBuilderOld.swift */,
				077B2ED029069A2B0087504C /* Model */,
				077B2ECF29069A230087504C /* View */,
				077B2ECE29069A1B0087504C /* Presenter */,
			);
			path = "Session Module";
			sourceTree = "<group>";
		};
		077B2ECE29069A1B0087504C /* Presenter */ = {
			isa = PBXGroup;
			children = (
				077B2ED129069A4B0087504C /* SessionModulePresenter.swift */,
				07832A26292668950079E1E9 /* ExtensionPosterViewPresenter.swift */,
				0731BB21292D844A004CCE79 /* ExtensionCollectionViewPresenter.swift */,
				0763C00A2934979C00142CC8 /* ExtensionSessionWebSocketPresneter.swift */,
			);
			path = Presenter;
			sourceTree = "<group>";
		};
		077B2ECF29069A230087504C /* View */ = {
			isa = PBXGroup;
			children = (
				077B2ED329069A5D0087504C /* Main Page */,
				077B2ED429069A980087504C /* Secondary PAge */,
			);
			path = View;
			sourceTree = "<group>";
		};
		077B2ED029069A2B0087504C /* Model */ = {
			isa = PBXGroup;
			children = (
				077B2EDD29080E680087504C /* SMConstants.swift */,
				077B2EDF29080E970087504C /* SMViewModels.swift */,
			);
			path = Model;
			sourceTree = "<group>";
		};
		077B2ED329069A5D0087504C /* Main Page */ = {
			isa = PBXGroup;
			children = (
				077B2ED529069ADC0087504C /* PosterView.swift */,
				077B2EDB29080E2C0087504C /* PosterViewModels.swift */,
				079E5EB729092EC8006AF238 /* MovieInfoScrollViewModel.swift */,
				079E5EB92909753C006AF238 /* MovieInfoStackViewModel.swift */,
			);
			path = "Main Page";
			sourceTree = "<group>";
		};
		077B2ED429069A980087504C /* Secondary PAge */ = {
			isa = PBXGroup;
			children = (
				077B2ED729069BAB0087504C /* CollectionView.swift */,
				074A7695292ACDBB005D3E10 /* CollectionViewModels.swift */,
				0731BAFD292D5B8F004CCE79 /* ExtensionCollectionView.swift */,
				0731BAFF292D5BC1004CCE79 /* MovieCollectionCell.swift */,
			);
			path = "Secondary PAge";
			sourceTree = "<group>";
		};
		0788F41B28F82942006F447F /* EntranceModuleOld */ = {
			isa = PBXGroup;
			children = (
				0788F42128F829B5006F447F /* EntranceModuleBuilderOld.swift */,
				0788F41C28F82967006F447F /* Model */,
				07DBA85528F55DFB000A1312 /* View */,
				0788F41D28F8296F006F447F /* Presenter */,
			);
			path = EntranceModuleOld;
			sourceTree = "<group>";
		};
		0788F41C28F82967006F447F /* Model */ = {
			isa = PBXGroup;
			children = (
				073B585528FA155F000EE21F /* EMConstants.swift */,
				073B585728FA1698000EE21F /* InteractiveViewComponents.swift */,
				07ABF65B29193799007C4A52 /* InformativeViewComponents.swift */,
			);
			path = Model;
			sourceTree = "<group>";
		};
		0788F41D28F8296F006F447F /* Presenter */ = {
			isa = PBXGroup;
			children = (
				0788F41E28F82990006F447F /* EntranceModulePresenter.swift */,
				07ABF65D291AD436007C4A52 /* ExtensionLoginPagePresenter.swift */,
				07ABF65F291AD4A7007C4A52 /* ExtensionPasswordPagePresenter.swift */,
				07ABF661291AD4BF007C4A52 /* ExtensionRegisterPagePresenter.swift */,
				07ABF663291AD4DA007C4A52 /* ExtensionAuthorizedPagePresenter.swift */,
				07ABF665291AD4F8007C4A52 /* ExtensionWaitingPagePresenter.swift */,
				07832A2429248C390079E1E9 /* ExtensionEntranceWebSocketPresenter.swift */,
			);
			path = Presenter;
			sourceTree = "<group>";
		};
		0788F42728F83333006F447F /* UnAuthorized */ = {
			isa = PBXGroup;
			children = (
				073B584E28F97B37000EE21F /* Login Page */,
				073B584F28F97B56000EE21F /* Password Page */,
				073B585028F97B6A000EE21F /* Register Page */,
			);
			path = UnAuthorized;
			sourceTree = "<group>";
		};
		0788F42828F83348006F447F /* Authorized */ = {
			isa = PBXGroup;
			children = (
				07EB1CC528FD87850031598A /* Join page */,
				07EB1CC628FDE04D0031598A /* Waiting page */,
			);
			path = Authorized;
			sourceTree = "<group>";
		};
		07ACBA992AFD32CD00D07487 /* View Components */ = {
			isa = PBXGroup;
			children = (
				072EE65E2A95370200CFCC2A /* AuthorizationViewComponents.swift */,
				0731B0652B010E46006162D7 /* Extensions */,
			);
			path = "View Components";
			sourceTree = "<group>";
		};
		07BD8B732A93EE660089199E /* Modules */ = {
			isa = PBXGroup;
			children = (
				077977E42A8E8512000DAF72 /* Entrance */,
				07BD8B742A93EE730089199E /* Lobby */,
				07BD8B752A93EE840089199E /* Session */,
			);
			path = Modules;
			sourceTree = "<group>";
		};
		07BD8B742A93EE730089199E /* Lobby */ = {
			isa = PBXGroup;
			children = (
				07BD8B762A93EE9E0089199E /* LobbyModuleBuilder.swift */,
			);
			path = Lobby;
			sourceTree = "<group>";
		};
		07BD8B752A93EE840089199E /* Session */ = {
			isa = PBXGroup;
			children = (
				07BD8B782A93EEC50089199E /* SessionModuleBuilder.swift */,
			);
			path = Session;
			sourceTree = "<group>";
		};
		07BD8B7A2A93F48B0089199E /* AppCoordinator */ = {
			isa = PBXGroup;
			children = (
				0779775B2A8E34A7000DAF72 /* AppCoordinator.swift */,
				07BD8B7C2A93F4A20089199E /* Extension */,
			);
			path = AppCoordinator;
			sourceTree = "<group>";
		};
		07BD8B7B2A93F4950089199E /* RootViewController */ = {
			isa = PBXGroup;
			children = (
				0779775D2A8E3553000DAF72 /* RootViewController.swift */,
				07FC950E2AF3DF2D002FE0A9 /* RootViewControllerViewComponents.swift */,
			);
			path = RootViewController;
			sourceTree = "<group>";
		};
		07BD8B7C2A93F4A20089199E /* Extension */ = {
			isa = PBXGroup;
			children = (
				07BD8B7E2A93F4C50089199E /* AppCoordinator+Navigation.swift */,
			);
			path = Extension;
			sourceTree = "<group>";
		};
		07BE23172B02398100E70299 /* PasswordRestorationPage */ = {
			isa = PBXGroup;
			children = (
				07BE23182B0239A600E70299 /* PassowrdRestorationViewController.swift */,
				07BE231A2B023A5B00E70299 /* ViewComponents */,
				07BE231B2B023A6700E70299 /* Extensions */,
			);
			path = PasswordRestorationPage;
			sourceTree = "<group>";
		};
		07BE231A2B023A5B00E70299 /* ViewComponents */ = {
			isa = PBXGroup;
			children = (
				07BE231C2B023A7C00E70299 /* PasswordRestorationViewComponents.swift */,
				07BE231E2B023ADD00E70299 /* Extensions */,
			);
			path = ViewComponents;
			sourceTree = "<group>";
		};
		07BE231B2B023A6700E70299 /* Extensions */ = {
			isa = PBXGroup;
			children = (
				07BE231F2B023B1300E70299 /* PasswordRestorationViewController+HandleButtons.swift */,
			);
			path = Extensions;
			sourceTree = "<group>";
		};
		07BE231E2B023ADD00E70299 /* Extensions */ = {
			isa = PBXGroup;
			children = (
				07BE23212B023B5A00E70299 /* PasswordRestorationViewComponents+Constraints.swift */,
				077FD1EB2B03CAAA000C7A73 /* PasswordRestorationViewComponents+Constants.swift */,
				077FD1ED2B03CD34000C7A73 /* PasswordRestorationViewComponents+ChangeState.swift */,
				077FD1EF2B03D8EC000C7A73 /* PasswordRestorationViewComponents+HStackView.swift */,
			);
			path = Extensions;
			sourceTree = "<group>";
		};
		07CEA3912AF5660600E69FAB /* Colors */ = {
			isa = PBXGroup;
			children = (
				07CEA3922AF5661D00E69FAB /* Colors.swift */,
				07517C3A2AFB9EE100751EBB /* Colors+gradientColorPattern.swift */,
			);
			path = Colors;
			sourceTree = "<group>";
		};
		07CEA3962AF7A88900E69FAB /* Images */ = {
			isa = PBXGroup;
			children = (
				07CEA3972AF7A8A400E69FAB /* Images.swift */,
			);
			path = Images;
			sourceTree = "<group>";
		};
		07DBA83228F3F734000A1312 = {
			isa = PBXGroup;
			children = (
				07DBA83D28F3F734000A1312 /* PeekMovie */,
				07DBA83C28F3F734000A1312 /* Products */,
			);
			sourceTree = "<group>";
		};
		07DBA83C28F3F734000A1312 /* Products */ = {
			isa = PBXGroup;
			children = (
				07DBA83B28F3F734000A1312 /* PeekMovie.app */,
			);
			name = Products;
			sourceTree = "<group>";
		};
		07DBA83D28F3F734000A1312 /* PeekMovie */ = {
			isa = PBXGroup;
			children = (
				0779775F2A8E3567000DAF72 /* App */,
				077977D42A8E6B47000DAF72 /* Service */,
				077977612A8E3674000DAF72 /* Utils */,
				072EE6582A95350100CFCC2A /* Models */,
				077977602A8E3662000DAF72 /* ViewComponents */,
				07BD8B732A93EE660089199E /* Modules */,
				077977582A8E33B6000DAF72 /* Old */,
				07DBA85728F55E07000A1312 /* Storyboard */,
				07DBA84728F3F73A000A1312 /* Assets.xcassets */,
				07DBA84C28F3F73A000A1312 /* Info.plist */,
			);
			path = PeekMovie;
			sourceTree = "<group>";
		};
		07DBA85528F55DFB000A1312 /* View */ = {
			isa = PBXGroup;
			children = (
				0788F42728F83333006F447F /* UnAuthorized */,
				0788F42828F83348006F447F /* Authorized */,
			);
			path = View;
			sourceTree = "<group>";
		};
		07DBA85628F55E00000A1312 /* Utils */ = {
			isa = PBXGroup;
			children = (
				077B2ED92907BB450087504C /* Global Constants.swift */,
				07DBA85C28F55E77000A1312 /* DesignProtocols.swift */,
				07EB1CCB28FE219C0031598A /* Animations.swift */,
			);
			path = Utils;
			sourceTree = "<group>";
		};
		07DBA85728F55E07000A1312 /* Storyboard */ = {
			isa = PBXGroup;
			children = (
				07DBA84428F3F734000A1312 /* Main.storyboard */,
			);
			path = Storyboard;
			sourceTree = "<group>";
		};
		07EB1CB728FD47740031598A /* Client */ = {
			isa = PBXGroup;
			children = (
				07EB1CBC28FD48050031598A /* Model */,
				07EB1CB828FD47950031598A /* NetworkClientImplementation.swift */,
				07EB1CBA28FD47C90031598A /* NrtworkClientProtocol.swift */,
			);
			path = Client;
			sourceTree = "<group>";
		};
		07EB1CBC28FD48050031598A /* Model */ = {
			isa = PBXGroup;
			children = (
				077977D72A8E6C0B000DAF72 /* Empty.swift */,
				07EB1CBF28FD48100031598A /* HTTPError.swift */,
				07EB1CC028FD48100031598A /* HTTPMethod.swift */,
				07EB1CBD28FD48100031598A /* HTTPNetworkResponse.swift */,
				07EB1CBE28FD48100031598A /* HTTPRequest.swift */,
			);
			path = Model;
			sourceTree = "<group>";
		};
		07EB1CC528FD87850031598A /* Join page */ = {
			isa = PBXGroup;
			children = (
				07DBA84228F3F734000A1312 /* AuthorizedPage.swift */,
				07DBA85928F55E3B000A1312 /* AuthorizedPageViewComponents.swift */,
			);
			path = "Join page";
			sourceTree = "<group>";
		};
		07EB1CC628FDE04D0031598A /* Waiting page */ = {
			isa = PBXGroup;
			children = (
				07EB1CC728FDE0680031598A /* WaitingPage.swift */,
				07EB1CC928FDE6EB0031598A /* WaitingRoomViewComponents.swift */,
				073A49312902A77100545946 /* WaitingPageAnimation.swift */,
				070DF8C82922A668002476AA /* WaitingPagePickerViewExtension.swift */,
			);
			path = "Waiting page";
			sourceTree = "<group>";
		};
/* End PBXGroup section */

/* Begin PBXNativeTarget section */
		07DBA83A28F3F734000A1312 /* PeekMovie */ = {
			isa = PBXNativeTarget;
			buildConfigurationList = 07DBA84F28F3F73A000A1312 /* Build configuration list for PBXNativeTarget "PeekMovie" */;
			buildPhases = (
				07DBA83728F3F734000A1312 /* Sources */,
				07DBA83828F3F734000A1312 /* Frameworks */,
				07DBA83928F3F734000A1312 /* Resources */,
			);
			buildRules = (
			);
			dependencies = (
			);
			name = PeekMovie;
			packageProductDependencies = (
				07FC950C2AF3D84E002FE0A9 /* NVActivityIndicatorView */,
			);
			productName = PeekMovie;
			productReference = 07DBA83B28F3F734000A1312 /* PeekMovie.app */;
			productType = "com.apple.product-type.application";
		};
/* End PBXNativeTarget section */

/* Begin PBXProject section */
		07DBA83328F3F734000A1312 /* Project object */ = {
			isa = PBXProject;
			attributes = {
				BuildIndependentTargetsInParallel = 1;
				LastSwiftUpdateCheck = 1320;
				LastUpgradeCheck = 1320;
				TargetAttributes = {
					07DBA83A28F3F734000A1312 = {
						CreatedOnToolsVersion = 13.2.1;
					};
				};
			};
			buildConfigurationList = 07DBA83628F3F734000A1312 /* Build configuration list for PBXProject "PeekMovie" */;
			compatibilityVersion = "Xcode 13.0";
			developmentRegion = en;
			hasScannedForEncodings = 0;
			knownRegions = (
				en,
				Base,
			);
			mainGroup = 07DBA83228F3F734000A1312;
			packageReferences = (
				07FC950B2AF3D84E002FE0A9 /* XCRemoteSwiftPackageReference "NVActivityIndicatorView" */,
			);
			productRefGroup = 07DBA83C28F3F734000A1312 /* Products */;
			projectDirPath = "";
			projectRoot = "";
			targets = (
				07DBA83A28F3F734000A1312 /* PeekMovie */,
			);
		};
/* End PBXProject section */

/* Begin PBXResourcesBuildPhase section */
		07DBA83928F3F734000A1312 /* Resources */ = {
			isa = PBXResourcesBuildPhase;
			buildActionMask = 2147483647;
			files = (
				077977A52A8E3F4C000DAF72 /* Poppins-ExtraLight.ttf in Resources */,
				0779779C2A8E3F47000DAF72 /* Poppins-Black.ttf in Resources */,
				0779779F2A8E3F4C000DAF72 /* Poppins-MediumItalic.ttf in Resources */,
				07DBA84828F3F73A000A1312 /* Assets.xcassets in Resources */,
				077977AC2A8E3F4C000DAF72 /* Poppins-Italic.ttf in Resources */,
				077977A22A8E3F4C000DAF72 /* Poppins-Thin.ttf in Resources */,
				077977A92A8E3F4C000DAF72 /* Poppins-SemiBold.ttf in Resources */,
				077977A72A8E3F4C000DAF72 /* Poppins-ThinItalic.ttf in Resources */,
				077977A32A8E3F4C000DAF72 /* Poppins-ExtraBoldItalic.ttf in Resources */,
				077977A02A8E3F4C000DAF72 /* Poppins-SemiBoldItalic.ttf in Resources */,
				077977AB2A8E3F4C000DAF72 /* Poppins-BoldItalic.ttf in Resources */,
				077977AD2A8E3F4C000DAF72 /* Poppins-Light.ttf in Resources */,
				07DBA84628F3F734000A1312 /* Main.storyboard in Resources */,
				0779779D2A8E3F4C000DAF72 /* Poppins-LightItalic.ttf in Resources */,
				0779779E2A8E3F4C000DAF72 /* Poppins-Medium.ttf in Resources */,
				077977AA2A8E3F4C000DAF72 /* Poppins-Bold.ttf in Resources */,
				077977A12A8E3F4C000DAF72 /* Poppins-Regular.ttf in Resources */,
				077977A82A8E3F4C000DAF72 /* Poppins-ExtraLightItalic.ttf in Resources */,
				077977A42A8E3F4C000DAF72 /* Poppins-BlackItalic.ttf in Resources */,
				077977A62A8E3F4C000DAF72 /* Poppins-ExtraBold.ttf in Resources */,
			);
			runOnlyForDeploymentPostprocessing = 0;
		};
/* End PBXResourcesBuildPhase section */

/* Begin PBXSourcesBuildPhase section */
		07DBA83728F3F734000A1312 /* Sources */ = {
			isa = PBXSourcesBuildPhase;
			buildActionMask = 2147483647;
			files = (
				074A7696292ACDBB005D3E10 /* CollectionViewModels.swift in Sources */,
				077933D52A8FF8C000B0F509 /* LoggerProtocol.swift in Sources */,
				074B8A712A8C25DD00EB39C2 /* CreateRoomNSE.swift in Sources */,
				07C8212F291019E000B055D0 /* MovieDTO.swift in Sources */,
				07CEA39B2AF7ABB800E69FAB /* PeekButton.swift in Sources */,
				07EB1CCA28FDE6EB0031598A /* WaitingRoomViewComponents.swift in Sources */,
				07FC950F2AF3DF2D002FE0A9 /* RootViewControllerViewComponents.swift in Sources */,
				077B2EDE29080E680087504C /* SMConstants.swift in Sources */,
				07D401BD28F890F400BF3F55 /* LaunchPage.swift in Sources */,
				07ABF65E291AD436007C4A52 /* ExtensionLoginPagePresenter.swift in Sources */,
				077B2ED829069BAB0087504C /* CollectionView.swift in Sources */,
				07ABF662291AD4BF007C4A52 /* ExtensionRegisterPagePresenter.swift in Sources */,
				077933D72A8FF8E600B0F509 /* LogLevel.swift in Sources */,
				077933DB2A8FF93000B0F509 /* LogFormat.swift in Sources */,
				0788F42428F82B19006F447F /* LoginPage.swift in Sources */,
				071A3BF0291FC3BE009A7689 /* RoomDTO.swift in Sources */,
				0788F42628F8321F006F447F /* LoginViewComponents.swift in Sources */,
				074B8A6B2A8C254F00EB39C2 /* RegisterNSE.swift in Sources */,
				07BD8B7F2A93F4C50089199E /* AppCoordinator+Navigation.swift in Sources */,
				0758C2E82911752200E48140 /* NetworkServiceImplementation.swift in Sources */,
				0788F41F28F82990006F447F /* EntranceModulePresenter.swift in Sources */,
				077B2ED629069ADC0087504C /* PosterView.swift in Sources */,
				07517C3B2AFB9EE100751EBB /* Colors+gradientColorPattern.swift in Sources */,
				077977632A8E367F000DAF72 /* Fonts.swift in Sources */,
				07BBD948291BE08F00DD13BA /* MockNetworkService.swift in Sources */,
				0731B0602B00ED2C006162D7 /* PeekBackgroundImageView.swift in Sources */,
				07BE231D2B023A7C00E70299 /* PasswordRestorationViewComponents.swift in Sources */,
				07EB1CC828FDE0680031598A /* WaitingPage.swift in Sources */,
				0731B0622B00EE89006162D7 /* PeekCoverView.swift in Sources */,
				073B584D28F97B20000EE21F /* RegisterPage.swift in Sources */,
				07ACBA982AFD29F400D07487 /* AuthorizationViewController+HandleButtons.swift in Sources */,
				0758C2E6291174F800E48140 /* NetworkServiceProtocol.swift in Sources */,
				07BD8B772A93EE9E0089199E /* LobbyModuleBuilder.swift in Sources */,
				07EB1CB928FD47950031598A /* NetworkClientImplementation.swift in Sources */,
				07ABF664291AD4DA007C4A52 /* ExtensionAuthorizedPagePresenter.swift in Sources */,
				07FC65C72AFA4089001C039D /* AuthorizationViewComponents+BottomHStackView.swift in Sources */,
				074B8A782A8C265700EB39C2 /* GetMovieNSE.swift in Sources */,
				07DBA85A28F55E3B000A1312 /* AuthorizedPageViewComponents.swift in Sources */,
				077FD1EC2B03CAAA000C7A73 /* PasswordRestorationViewComponents+Constants.swift in Sources */,
				074B8A732A8C260800EB39C2 /* JoinRoomNSE.swift in Sources */,
				077B2EE029080E970087504C /* SMViewModels.swift in Sources */,
				07832A2529248C390079E1E9 /* ExtensionEntranceWebSocketPresenter.swift in Sources */,
				077977E32A8E789F000DAF72 /* UserService.swift in Sources */,
				073B585228F97C30000EE21F /* RegisterPageViewComponents.swift in Sources */,
				072EE6622A95375E00CFCC2A /* AuthorizationViewComponents+Constants.swift in Sources */,
				07EB1CBB28FD47C90031598A /* NrtworkClientProtocol.swift in Sources */,
				079E5EBA2909753C006AF238 /* MovieInfoStackViewModel.swift in Sources */,
				07832A27292668950079E1E9 /* ExtensionPosterViewPresenter.swift in Sources */,
				077933D22A8FAE4400B0F509 /* UIColor+InitWithHex.swift in Sources */,
				07BD8B792A93EEC50089199E /* SessionModuleBuilder.swift in Sources */,
				0758C2EC2911777300E48140 /* TokenDTO.swift in Sources */,
				07F8930E29127B5200E8FDD4 /* RegistrationFormDTO.swift in Sources */,
				07EB1CC128FD48100031598A /* HTTPNetworkResponse.swift in Sources */,
				073B585628FA155F000EE21F /* EMConstants.swift in Sources */,
				07A66F2D2916CB51003BB6B9 /* ResponseDTO.swift in Sources */,
				07FC65C92AFA4189001C039D /* PeekBackgroundGradient.swift in Sources */,
				07ACBA9B2AFD32E800D07487 /* AuthorizationViewComponents+Constraints.swift in Sources */,
				077933DF2A8FF96C00B0F509 /* Log.swift in Sources */,
				073A49322902A77100545946 /* WaitingPageAnimation.swift in Sources */,
				072EE65F2A95370200CFCC2A /* AuthorizationViewComponents.swift in Sources */,
				0788F42228F829B5006F447F /* EntranceModuleBuilderOld.swift in Sources */,
				077933E12A8FF99100B0F509 /* DefaultLogger.swift in Sources */,
				079E5EB829092EC8006AF238 /* MovieInfoScrollViewModel.swift in Sources */,
				077B2ED229069A4B0087504C /* SessionModulePresenter.swift in Sources */,
				07EB1CC328FD48100031598A /* HTTPError.swift in Sources */,
				07DBA85328F3F830000A1312 /* AppCoordinatorOld.swift in Sources */,
				0731BAFE292D5B8F004CCE79 /* ExtensionCollectionView.swift in Sources */,
				073B585828FA1698000EE21F /* InteractiveViewComponents.swift in Sources */,
				07CEA3982AF7A8A400E69FAB /* Images.swift in Sources */,
				07A66F2B2916CB2F003BB6B9 /* ErrorDTO.swift in Sources */,
				0779775A2A8E33EA000DAF72 /* AppDelegate.swift in Sources */,
				077B2ECD29069A060087504C /* SessionModuleBuilderOld.swift in Sources */,
				07CEA3932AF5661D00E69FAB /* Colors.swift in Sources */,
				077977DA2A8E6D3C000DAF72 /* APIService.swift in Sources */,
				074B8A752A8C262C00EB39C2 /* QuitFromRoomNSE.swift in Sources */,
				072EE6642A953CCE00CFCC2A /* InputTextField.swift in Sources */,
				077977E62A8E855D000DAF72 /* EntranceModuleBuilder.swift in Sources */,
				073B585428F97CA8000EE21F /* PeekID.swift in Sources */,
				077933D92A8FF90900B0F509 /* LogFormatElement.swift in Sources */,
				0763C00B2934979C00142CC8 /* ExtensionSessionWebSocketPresneter.swift in Sources */,
				077FD1EE2B03CD34000C7A73 /* PasswordRestorationViewComponents+ChangeState.swift in Sources */,
				07BE23192B0239A600E70299 /* PassowrdRestorationViewController.swift in Sources */,
				07BE23222B023B5A00E70299 /* PasswordRestorationViewComponents+Constraints.swift in Sources */,
				077977D82A8E6C0B000DAF72 /* Empty.swift in Sources */,
				07DBA85D28F55E77000A1312 /* DesignProtocols.swift in Sources */,
				072EE6662A953DCE00CFCC2A /* ShimmerGradient.swift in Sources */,
				077933E32A8FF9B000B0F509 /* ConsoleDestination.swift in Sources */,
				07ABF65C29193799007C4A52 /* InformativeViewComponents.swift in Sources */,
				074B8A642A8C239200EB39C2 /* Service.swift in Sources */,
				077B2EDC29080E2C0087504C /* PosterViewModels.swift in Sources */,
				07DBA84328F3F734000A1312 /* AuthorizedPage.swift in Sources */,
				074B8A6D2A8C257E00EB39C2 /* loginNSE.swift in Sources */,
				07EB1CCC28FE219C0031598A /* Animations.swift in Sources */,
				0731BB22292D844A004CCE79 /* ExtensionCollectionViewPresenter.swift in Sources */,
				0779775E2A8E3553000DAF72 /* RootViewController.swift in Sources */,
				07CEA3952AF79ECC00E69FAB /* PeekInputTextField.swift in Sources */,
				074B8A6F2A8C25A500EB39C2 /* CheckUsernameNSE.swift in Sources */,
				07DBA83F28F3F734000A1312 /* AppDelegateOld.swift in Sources */,
				077FD1F02B03D8EC000C7A73 /* PasswordRestorationViewComponents+HStackView.swift in Sources */,
				07EB1CC228FD48100031598A /* HTTPRequest.swift in Sources */,
				07BB3FD62AF90638001E0E63 /* PeekLabel.swift in Sources */,
				077FD1EA2B03AA87000C7A73 /* PeekBottomSheetDraggerView.swift in Sources */,
				07ABF660291AD4A7007C4A52 /* ExtensionPasswordPagePresenter.swift in Sources */,
				0731B0642B00F6A5006162D7 /* AuthorizationViewComponents+Constants+ChangeState.swift in Sources */,
				0779775C2A8E34A7000DAF72 /* AppCoordinator.swift in Sources */,
				072EE65D2A9535C000CFCC2A /* AuthorizationViewController.swift in Sources */,
				07EB1CC428FD48100031598A /* HTTPMethod.swift in Sources */,
				07ACBA9D2AFD3B1200D07487 /* AuthorizationViewComponents+ChangeState.swift in Sources */,
				0731BB00292D5BC1004CCE79 /* MovieCollectionCell.swift in Sources */,
				077977DC2A8E717B000DAF72 /* UINavigationController+FadeTo.swift in Sources */,
				077933DD2A8FF94E00B0F509 /* LogDestinationProtocol.swift in Sources */,
				07D401B928F8641700BF3F55 /* PasswordPage.swift in Sources */,
				070DF8C92922A668002476AA /* WaitingPagePickerViewExtension.swift in Sources */,
				07BE23202B023B1300E70299 /* PasswordRestorationViewController+HandleButtons.swift in Sources */,
				07D401BB28F8653D00BF3F55 /* PasswordViewComponents.swift in Sources */,
				077977E02A8E7253000DAF72 /* Service+KeyChain.swift in Sources */,
				07CBD4232AF8236300005F63 /* PeekIconView.swift in Sources */,
				077B2EDA2907BB450087504C /* Global Constants.swift in Sources */,
				07ABF666291AD4F8007C4A52 /* ExtensionWaitingPagePresenter.swift in Sources */,
			);
			runOnlyForDeploymentPostprocessing = 0;
		};
/* End PBXSourcesBuildPhase section */

/* Begin PBXVariantGroup section */
		07DBA84428F3F734000A1312 /* Main.storyboard */ = {
			isa = PBXVariantGroup;
			children = (
				07DBA84528F3F734000A1312 /* Base */,
			);
			name = Main.storyboard;
			sourceTree = "<group>";
		};
/* End PBXVariantGroup section */

/* Begin XCBuildConfiguration section */
		07DBA84D28F3F73A000A1312 /* Debug */ = {
			isa = XCBuildConfiguration;
			buildSettings = {
				ALWAYS_SEARCH_USER_PATHS = NO;
				CLANG_ANALYZER_NONNULL = YES;
				CLANG_ANALYZER_NUMBER_OBJECT_CONVERSION = YES_AGGRESSIVE;
				CLANG_CXX_LANGUAGE_STANDARD = "gnu++17";
				CLANG_CXX_LIBRARY = "libc++";
				CLANG_ENABLE_MODULES = YES;
				CLANG_ENABLE_OBJC_ARC = YES;
				CLANG_ENABLE_OBJC_WEAK = YES;
				CLANG_WARN_BLOCK_CAPTURE_AUTORELEASING = YES;
				CLANG_WARN_BOOL_CONVERSION = YES;
				CLANG_WARN_COMMA = YES;
				CLANG_WARN_CONSTANT_CONVERSION = YES;
				CLANG_WARN_DEPRECATED_OBJC_IMPLEMENTATIONS = YES;
				CLANG_WARN_DIRECT_OBJC_ISA_USAGE = YES_ERROR;
				CLANG_WARN_DOCUMENTATION_COMMENTS = YES;
				CLANG_WARN_EMPTY_BODY = YES;
				CLANG_WARN_ENUM_CONVERSION = YES;
				CLANG_WARN_INFINITE_RECURSION = YES;
				CLANG_WARN_INT_CONVERSION = YES;
				CLANG_WARN_NON_LITERAL_NULL_CONVERSION = YES;
				CLANG_WARN_OBJC_IMPLICIT_RETAIN_SELF = YES;
				CLANG_WARN_OBJC_LITERAL_CONVERSION = YES;
				CLANG_WARN_OBJC_ROOT_CLASS = YES_ERROR;
				CLANG_WARN_QUOTED_INCLUDE_IN_FRAMEWORK_HEADER = YES;
				CLANG_WARN_RANGE_LOOP_ANALYSIS = YES;
				CLANG_WARN_STRICT_PROTOTYPES = YES;
				CLANG_WARN_SUSPICIOUS_MOVE = YES;
				CLANG_WARN_UNGUARDED_AVAILABILITY = YES_AGGRESSIVE;
				CLANG_WARN_UNREACHABLE_CODE = YES;
				CLANG_WARN__DUPLICATE_METHOD_MATCH = YES;
				COPY_PHASE_STRIP = NO;
				DEBUG_INFORMATION_FORMAT = dwarf;
				ENABLE_STRICT_OBJC_MSGSEND = YES;
				ENABLE_TESTABILITY = YES;
				GCC_C_LANGUAGE_STANDARD = gnu11;
				GCC_DYNAMIC_NO_PIC = NO;
				GCC_NO_COMMON_BLOCKS = YES;
				GCC_OPTIMIZATION_LEVEL = 0;
				GCC_PREPROCESSOR_DEFINITIONS = (
					"DEBUG=1",
					"$(inherited)",
				);
				GCC_WARN_64_TO_32_BIT_CONVERSION = YES;
				GCC_WARN_ABOUT_RETURN_TYPE = YES_ERROR;
				GCC_WARN_UNDECLARED_SELECTOR = YES;
				GCC_WARN_UNINITIALIZED_AUTOS = YES_AGGRESSIVE;
				GCC_WARN_UNUSED_FUNCTION = YES;
				GCC_WARN_UNUSED_VARIABLE = YES;
				IPHONEOS_DEPLOYMENT_TARGET = 15.2;
				MTL_ENABLE_DEBUG_INFO = INCLUDE_SOURCE;
				MTL_FAST_MATH = YES;
				ONLY_ACTIVE_ARCH = YES;
				SDKROOT = iphoneos;
				SWIFT_ACTIVE_COMPILATION_CONDITIONS = DEBUG;
				SWIFT_OPTIMIZATION_LEVEL = "-Onone";
			};
			name = Debug;
		};
		07DBA84E28F3F73A000A1312 /* Release */ = {
			isa = XCBuildConfiguration;
			buildSettings = {
				ALWAYS_SEARCH_USER_PATHS = NO;
				CLANG_ANALYZER_NONNULL = YES;
				CLANG_ANALYZER_NUMBER_OBJECT_CONVERSION = YES_AGGRESSIVE;
				CLANG_CXX_LANGUAGE_STANDARD = "gnu++17";
				CLANG_CXX_LIBRARY = "libc++";
				CLANG_ENABLE_MODULES = YES;
				CLANG_ENABLE_OBJC_ARC = YES;
				CLANG_ENABLE_OBJC_WEAK = YES;
				CLANG_WARN_BLOCK_CAPTURE_AUTORELEASING = YES;
				CLANG_WARN_BOOL_CONVERSION = YES;
				CLANG_WARN_COMMA = YES;
				CLANG_WARN_CONSTANT_CONVERSION = YES;
				CLANG_WARN_DEPRECATED_OBJC_IMPLEMENTATIONS = YES;
				CLANG_WARN_DIRECT_OBJC_ISA_USAGE = YES_ERROR;
				CLANG_WARN_DOCUMENTATION_COMMENTS = YES;
				CLANG_WARN_EMPTY_BODY = YES;
				CLANG_WARN_ENUM_CONVERSION = YES;
				CLANG_WARN_INFINITE_RECURSION = YES;
				CLANG_WARN_INT_CONVERSION = YES;
				CLANG_WARN_NON_LITERAL_NULL_CONVERSION = YES;
				CLANG_WARN_OBJC_IMPLICIT_RETAIN_SELF = YES;
				CLANG_WARN_OBJC_LITERAL_CONVERSION = YES;
				CLANG_WARN_OBJC_ROOT_CLASS = YES_ERROR;
				CLANG_WARN_QUOTED_INCLUDE_IN_FRAMEWORK_HEADER = YES;
				CLANG_WARN_RANGE_LOOP_ANALYSIS = YES;
				CLANG_WARN_STRICT_PROTOTYPES = YES;
				CLANG_WARN_SUSPICIOUS_MOVE = YES;
				CLANG_WARN_UNGUARDED_AVAILABILITY = YES_AGGRESSIVE;
				CLANG_WARN_UNREACHABLE_CODE = YES;
				CLANG_WARN__DUPLICATE_METHOD_MATCH = YES;
				COPY_PHASE_STRIP = NO;
				DEBUG_INFORMATION_FORMAT = "dwarf-with-dsym";
				ENABLE_NS_ASSERTIONS = NO;
				ENABLE_STRICT_OBJC_MSGSEND = YES;
				GCC_C_LANGUAGE_STANDARD = gnu11;
				GCC_NO_COMMON_BLOCKS = YES;
				GCC_WARN_64_TO_32_BIT_CONVERSION = YES;
				GCC_WARN_ABOUT_RETURN_TYPE = YES_ERROR;
				GCC_WARN_UNDECLARED_SELECTOR = YES;
				GCC_WARN_UNINITIALIZED_AUTOS = YES_AGGRESSIVE;
				GCC_WARN_UNUSED_FUNCTION = YES;
				GCC_WARN_UNUSED_VARIABLE = YES;
				IPHONEOS_DEPLOYMENT_TARGET = 15.2;
				MTL_ENABLE_DEBUG_INFO = NO;
				MTL_FAST_MATH = YES;
				SDKROOT = iphoneos;
				SWIFT_COMPILATION_MODE = wholemodule;
				SWIFT_OPTIMIZATION_LEVEL = "-O";
				VALIDATE_PRODUCT = YES;
			};
			name = Release;
		};
		07DBA85028F3F73A000A1312 /* Debug */ = {
			isa = XCBuildConfiguration;
			buildSettings = {
				ASSETCATALOG_COMPILER_APPICON_NAME = AppIcon;
				ASSETCATALOG_COMPILER_GLOBAL_ACCENT_COLOR_NAME = AccentColor;
				CODE_SIGN_STYLE = Automatic;
				CURRENT_PROJECT_VERSION = 1;
				DEVELOPMENT_TEAM = J2YJ6QP79J;
				GENERATE_INFOPLIST_FILE = YES;
				INFOPLIST_FILE = PeekMovie/Info.plist;
				INFOPLIST_KEY_UIApplicationSupportsIndirectInputEvents = YES;
				INFOPLIST_KEY_UILaunchStoryboardName = LaunchScreen;
				INFOPLIST_KEY_UIMainStoryboardFile = Main;
				INFOPLIST_KEY_UISupportedInterfaceOrientations = UIInterfaceOrientationPortrait;
				INFOPLIST_KEY_UISupportedInterfaceOrientations_iPad = "UIInterfaceOrientationLandscapeLeft UIInterfaceOrientationLandscapeRight UIInterfaceOrientationPortrait UIInterfaceOrientationPortraitUpsideDown";
				IPHONEOS_DEPLOYMENT_TARGET = 15.0;
				LD_RUNPATH_SEARCH_PATHS = (
					"$(inherited)",
					"@executable_path/Frameworks",
				);
				MARKETING_VERSION = 1.0;
				PRODUCT_BUNDLE_IDENTIFIER = com.ezpzbaby.PeekMovie;
				PRODUCT_NAME = "$(TARGET_NAME)";
				SUPPORTED_PLATFORMS = "iphoneos iphonesimulator";
				SUPPORTS_MACCATALYST = NO;
				SUPPORTS_MAC_DESIGNED_FOR_IPHONE_IPAD = NO;
				SWIFT_EMIT_LOC_STRINGS = YES;
				SWIFT_VERSION = 5.0;
				TARGETED_DEVICE_FAMILY = 1;
			};
			name = Debug;
		};
		07DBA85128F3F73A000A1312 /* Release */ = {
			isa = XCBuildConfiguration;
			buildSettings = {
				ASSETCATALOG_COMPILER_APPICON_NAME = AppIcon;
				ASSETCATALOG_COMPILER_GLOBAL_ACCENT_COLOR_NAME = AccentColor;
				CODE_SIGN_STYLE = Automatic;
				CURRENT_PROJECT_VERSION = 1;
				DEVELOPMENT_TEAM = J2YJ6QP79J;
				GENERATE_INFOPLIST_FILE = YES;
				INFOPLIST_FILE = PeekMovie/Info.plist;
				INFOPLIST_KEY_UIApplicationSupportsIndirectInputEvents = YES;
				INFOPLIST_KEY_UILaunchStoryboardName = LaunchScreen;
				INFOPLIST_KEY_UIMainStoryboardFile = Main;
				INFOPLIST_KEY_UISupportedInterfaceOrientations = UIInterfaceOrientationPortrait;
				INFOPLIST_KEY_UISupportedInterfaceOrientations_iPad = "UIInterfaceOrientationLandscapeLeft UIInterfaceOrientationLandscapeRight UIInterfaceOrientationPortrait UIInterfaceOrientationPortraitUpsideDown";
				IPHONEOS_DEPLOYMENT_TARGET = 15.0;
				LD_RUNPATH_SEARCH_PATHS = (
					"$(inherited)",
					"@executable_path/Frameworks",
				);
				MARKETING_VERSION = 1.0;
				PRODUCT_BUNDLE_IDENTIFIER = com.ezpzbaby.PeekMovie;
				PRODUCT_NAME = "$(TARGET_NAME)";
				SUPPORTED_PLATFORMS = "iphoneos iphonesimulator";
				SUPPORTS_MACCATALYST = NO;
				SUPPORTS_MAC_DESIGNED_FOR_IPHONE_IPAD = NO;
				SWIFT_EMIT_LOC_STRINGS = YES;
				SWIFT_VERSION = 5.0;
				TARGETED_DEVICE_FAMILY = 1;
			};
			name = Release;
		};
/* End XCBuildConfiguration section */

/* Begin XCConfigurationList section */
		07DBA83628F3F734000A1312 /* Build configuration list for PBXProject "PeekMovie" */ = {
			isa = XCConfigurationList;
			buildConfigurations = (
				07DBA84D28F3F73A000A1312 /* Debug */,
				07DBA84E28F3F73A000A1312 /* Release */,
			);
			defaultConfigurationIsVisible = 0;
			defaultConfigurationName = Release;
		};
		07DBA84F28F3F73A000A1312 /* Build configuration list for PBXNativeTarget "PeekMovie" */ = {
			isa = XCConfigurationList;
			buildConfigurations = (
				07DBA85028F3F73A000A1312 /* Debug */,
				07DBA85128F3F73A000A1312 /* Release */,
			);
			defaultConfigurationIsVisible = 0;
			defaultConfigurationName = Release;
		};
/* End XCConfigurationList section */

/* Begin XCRemoteSwiftPackageReference section */
		07FC950B2AF3D84E002FE0A9 /* XCRemoteSwiftPackageReference "NVActivityIndicatorView" */ = {
			isa = XCRemoteSwiftPackageReference;
			repositoryURL = "https://github.com/ninjaprox/NVActivityIndicatorView.git";
			requirement = {
				kind = upToNextMajorVersion;
				minimumVersion = 5.0.0;
			};
		};
/* End XCRemoteSwiftPackageReference section */

/* Begin XCSwiftPackageProductDependency section */
		07FC950C2AF3D84E002FE0A9 /* NVActivityIndicatorView */ = {
			isa = XCSwiftPackageProductDependency;
			package = 07FC950B2AF3D84E002FE0A9 /* XCRemoteSwiftPackageReference "NVActivityIndicatorView" */;
			productName = NVActivityIndicatorView;
		};
/* End XCSwiftPackageProductDependency section */
	};
	rootObject = 07DBA83328F3F734000A1312 /* Project object */;
}
