// !$*UTF8*$!
{
	archiveVersion = 1;
	classes = {
	};
	objectVersion = 55;
	objects = {

/* Begin PBXBuildFile section */
		070DF8C92922A668002476AA /* WaitingPagePickerViewExtension.swift in Sources */ = {isa = PBXBuildFile; fileRef = 070DF8C82922A668002476AA /* WaitingPagePickerViewExtension.swift */; };
		071A3BF0291FC3BE009A7689 /* RoomDTO.swift in Sources */ = {isa = PBXBuildFile; fileRef = 071A3BEF291FC3BE009A7689 /* RoomDTO.swift */; };
		073A49322902A77100545946 /* WaitingPageAnimation.swift in Sources */ = {isa = PBXBuildFile; fileRef = 073A49312902A77100545946 /* WaitingPageAnimation.swift */; };
		073B584D28F97B20000EE21F /* RegisterPage.swift in Sources */ = {isa = PBXBuildFile; fileRef = 073B584C28F97B1F000EE21F /* RegisterPage.swift */; };
		073B585228F97C30000EE21F /* RegisterPageViewModels.swift in Sources */ = {isa = PBXBuildFile; fileRef = 073B585128F97C30000EE21F /* RegisterPageViewModels.swift */; };
		073B585428F97CA8000EE21F /* PeekID.swift in Sources */ = {isa = PBXBuildFile; fileRef = 073B585328F97CA8000EE21F /* PeekID.swift */; };
		073B585628FA155F000EE21F /* EMConstants.swift in Sources */ = {isa = PBXBuildFile; fileRef = 073B585528FA155F000EE21F /* EMConstants.swift */; };
		073B585828FA1698000EE21F /* InteractiveViewModels.swift in Sources */ = {isa = PBXBuildFile; fileRef = 073B585728FA1698000EE21F /* InteractiveViewModels.swift */; };
		0758C2E6291174F800E48140 /* NetworkServiceProtocol.swift in Sources */ = {isa = PBXBuildFile; fileRef = 0758C2E5291174F800E48140 /* NetworkServiceProtocol.swift */; };
		0758C2E82911752200E48140 /* NetworkServiceImplementation.swift in Sources */ = {isa = PBXBuildFile; fileRef = 0758C2E72911752200E48140 /* NetworkServiceImplementation.swift */; };
		0758C2EC2911777300E48140 /* TokenDTO.swift in Sources */ = {isa = PBXBuildFile; fileRef = 0758C2EB2911777300E48140 /* TokenDTO.swift */; };
		077B2ECD29069A060087504C /* SessionModuleBuilder.swift in Sources */ = {isa = PBXBuildFile; fileRef = 077B2ECC29069A060087504C /* SessionModuleBuilder.swift */; };
		077B2ED229069A4B0087504C /* SessionModulePresenter.swift in Sources */ = {isa = PBXBuildFile; fileRef = 077B2ED129069A4B0087504C /* SessionModulePresenter.swift */; };
		077B2ED629069ADC0087504C /* PosterView.swift in Sources */ = {isa = PBXBuildFile; fileRef = 077B2ED529069ADC0087504C /* PosterView.swift */; };
		077B2ED829069BAB0087504C /* CollectionView.swift in Sources */ = {isa = PBXBuildFile; fileRef = 077B2ED729069BAB0087504C /* CollectionView.swift */; };
		077B2EDA2907BB450087504C /* Global Constants.swift in Sources */ = {isa = PBXBuildFile; fileRef = 077B2ED92907BB450087504C /* Global Constants.swift */; };
		077B2EDC29080E2C0087504C /* PosterViewModels.swift in Sources */ = {isa = PBXBuildFile; fileRef = 077B2EDB29080E2C0087504C /* PosterViewModels.swift */; };
		077B2EDE29080E680087504C /* SMConstants.swift in Sources */ = {isa = PBXBuildFile; fileRef = 077B2EDD29080E680087504C /* SMConstants.swift */; };
		077B2EE029080E970087504C /* SMViewModels.swift in Sources */ = {isa = PBXBuildFile; fileRef = 077B2EDF29080E970087504C /* SMViewModels.swift */; };
		07832A2529248C390079E1E9 /* EntranceModulePresenterWebSocketExtension.swift in Sources */ = {isa = PBXBuildFile; fileRef = 07832A2429248C390079E1E9 /* EntranceModulePresenterWebSocketExtension.swift */; };
		0788F41F28F82990006F447F /* EntranceModulePresenter.swift in Sources */ = {isa = PBXBuildFile; fileRef = 0788F41E28F82990006F447F /* EntranceModulePresenter.swift */; };
		0788F42228F829B5006F447F /* EntranceModuleBuilder.swift in Sources */ = {isa = PBXBuildFile; fileRef = 0788F42128F829B5006F447F /* EntranceModuleBuilder.swift */; };
		0788F42428F82B19006F447F /* LoginPage.swift in Sources */ = {isa = PBXBuildFile; fileRef = 0788F42328F82B19006F447F /* LoginPage.swift */; };
		0788F42628F8321F006F447F /* LoginViewModels.swift in Sources */ = {isa = PBXBuildFile; fileRef = 0788F42528F8321F006F447F /* LoginViewModels.swift */; };
		079E5EB829092EC8006AF238 /* MovieInfoScrollViewModel.swift in Sources */ = {isa = PBXBuildFile; fileRef = 079E5EB729092EC8006AF238 /* MovieInfoScrollViewModel.swift */; };
		079E5EBA2909753C006AF238 /* MovieInfoStackViewModel.swift in Sources */ = {isa = PBXBuildFile; fileRef = 079E5EB92909753C006AF238 /* MovieInfoStackViewModel.swift */; };
		07A66F2B2916CB2F003BB6B9 /* ErrorDTO.swift in Sources */ = {isa = PBXBuildFile; fileRef = 07A66F2A2916CB2F003BB6B9 /* ErrorDTO.swift */; };
		07A66F2D2916CB51003BB6B9 /* ResponseDTO.swift in Sources */ = {isa = PBXBuildFile; fileRef = 07A66F2C2916CB51003BB6B9 /* ResponseDTO.swift */; };
		07ABF65C29193799007C4A52 /* InformativeViewModels.swift in Sources */ = {isa = PBXBuildFile; fileRef = 07ABF65B29193799007C4A52 /* InformativeViewModels.swift */; };
		07ABF65E291AD436007C4A52 /* ExtensionLoginPagePresenter.swift in Sources */ = {isa = PBXBuildFile; fileRef = 07ABF65D291AD436007C4A52 /* ExtensionLoginPagePresenter.swift */; };
		07ABF660291AD4A7007C4A52 /* ExtensionPasswordPagePresenter.swift in Sources */ = {isa = PBXBuildFile; fileRef = 07ABF65F291AD4A7007C4A52 /* ExtensionPasswordPagePresenter.swift */; };
		07ABF662291AD4BF007C4A52 /* ExtensionRegisterPagePresenter.swift in Sources */ = {isa = PBXBuildFile; fileRef = 07ABF661291AD4BF007C4A52 /* ExtensionRegisterPagePresenter.swift */; };
		07ABF664291AD4DA007C4A52 /* ExtensionAuthorizedPagePresenter.swift in Sources */ = {isa = PBXBuildFile; fileRef = 07ABF663291AD4DA007C4A52 /* ExtensionAuthorizedPagePresenter.swift */; };
		07ABF666291AD4F8007C4A52 /* ExtensionWaitingPagePresenter.swift in Sources */ = {isa = PBXBuildFile; fileRef = 07ABF665291AD4F8007C4A52 /* ExtensionWaitingPagePresenter.swift */; };
		07BBD948291BE08F00DD13BA /* MockNetworkService.swift in Sources */ = {isa = PBXBuildFile; fileRef = 07BBD947291BE08F00DD13BA /* MockNetworkService.swift */; };
		07C8212F291019E000B055D0 /* MovieDTO.swift in Sources */ = {isa = PBXBuildFile; fileRef = 07C8212E291019E000B055D0 /* MovieDTO.swift */; };
		07D401B928F8641700BF3F55 /* PasswordPage.swift in Sources */ = {isa = PBXBuildFile; fileRef = 07D401B828F8641700BF3F55 /* PasswordPage.swift */; };
		07D401BB28F8653D00BF3F55 /* PasswordViewModels.swift in Sources */ = {isa = PBXBuildFile; fileRef = 07D401BA28F8653D00BF3F55 /* PasswordViewModels.swift */; };
		07D401BD28F890F400BF3F55 /* LogoPage.swift in Sources */ = {isa = PBXBuildFile; fileRef = 07D401BC28F890F400BF3F55 /* LogoPage.swift */; };
		07DBA83F28F3F734000A1312 /* AppDelegate.swift in Sources */ = {isa = PBXBuildFile; fileRef = 07DBA83E28F3F734000A1312 /* AppDelegate.swift */; };
		07DBA84328F3F734000A1312 /* AuthorizedPage.swift in Sources */ = {isa = PBXBuildFile; fileRef = 07DBA84228F3F734000A1312 /* AuthorizedPage.swift */; };
		07DBA84628F3F734000A1312 /* Main.storyboard in Resources */ = {isa = PBXBuildFile; fileRef = 07DBA84428F3F734000A1312 /* Main.storyboard */; };
		07DBA84828F3F73A000A1312 /* Assets.xcassets in Resources */ = {isa = PBXBuildFile; fileRef = 07DBA84728F3F73A000A1312 /* Assets.xcassets */; };
		07DBA84B28F3F73A000A1312 /* LaunchScreen.storyboard in Resources */ = {isa = PBXBuildFile; fileRef = 07DBA84928F3F73A000A1312 /* LaunchScreen.storyboard */; };
		07DBA85328F3F830000A1312 /* AppCoordinator.swift in Sources */ = {isa = PBXBuildFile; fileRef = 07DBA85228F3F830000A1312 /* AppCoordinator.swift */; };
		07DBA85A28F55E3B000A1312 /* AuthorizedPageViewModels.swift in Sources */ = {isa = PBXBuildFile; fileRef = 07DBA85928F55E3B000A1312 /* AuthorizedPageViewModels.swift */; };
		07DBA85D28F55E77000A1312 /* DesignProtocols.swift in Sources */ = {isa = PBXBuildFile; fileRef = 07DBA85C28F55E77000A1312 /* DesignProtocols.swift */; };
		07EB1CB928FD47950031598A /* NetworkClientImplementation.swift in Sources */ = {isa = PBXBuildFile; fileRef = 07EB1CB828FD47950031598A /* NetworkClientImplementation.swift */; };
		07EB1CBB28FD47C90031598A /* NrtworkClientProtocol.swift in Sources */ = {isa = PBXBuildFile; fileRef = 07EB1CBA28FD47C90031598A /* NrtworkClientProtocol.swift */; };
		07EB1CC128FD48100031598A /* HTTPNetworkResponse.swift in Sources */ = {isa = PBXBuildFile; fileRef = 07EB1CBD28FD48100031598A /* HTTPNetworkResponse.swift */; };
		07EB1CC228FD48100031598A /* HTTPRequest.swift in Sources */ = {isa = PBXBuildFile; fileRef = 07EB1CBE28FD48100031598A /* HTTPRequest.swift */; };
		07EB1CC328FD48100031598A /* HTTPError.swift in Sources */ = {isa = PBXBuildFile; fileRef = 07EB1CBF28FD48100031598A /* HTTPError.swift */; };
		07EB1CC428FD48100031598A /* HTTPMethod.swift in Sources */ = {isa = PBXBuildFile; fileRef = 07EB1CC028FD48100031598A /* HTTPMethod.swift */; };
		07EB1CC828FDE0680031598A /* WaitingPage.swift in Sources */ = {isa = PBXBuildFile; fileRef = 07EB1CC728FDE0680031598A /* WaitingPage.swift */; };
		07EB1CCA28FDE6EB0031598A /* WaitingRoomViewModels.swift in Sources */ = {isa = PBXBuildFile; fileRef = 07EB1CC928FDE6EB0031598A /* WaitingRoomViewModels.swift */; };
		07EB1CCC28FE219C0031598A /* Animations.swift in Sources */ = {isa = PBXBuildFile; fileRef = 07EB1CCB28FE219C0031598A /* Animations.swift */; };
		07F8930E29127B5200E8FDD4 /* RegistrationFormDTO.swift in Sources */ = {isa = PBXBuildFile; fileRef = 07F8930D29127B5200E8FDD4 /* RegistrationFormDTO.swift */; };
/* End PBXBuildFile section */

/* Begin PBXFileReference section */
		070DF8C82922A668002476AA /* WaitingPagePickerViewExtension.swift */ = {isa = PBXFileReference; lastKnownFileType = sourcecode.swift; path = WaitingPagePickerViewExtension.swift; sourceTree = "<group>"; };
		071A3BEF291FC3BE009A7689 /* RoomDTO.swift */ = {isa = PBXFileReference; lastKnownFileType = sourcecode.swift; path = RoomDTO.swift; sourceTree = "<group>"; };
		073A49312902A77100545946 /* WaitingPageAnimation.swift */ = {isa = PBXFileReference; lastKnownFileType = sourcecode.swift; path = WaitingPageAnimation.swift; sourceTree = "<group>"; };
		073B584C28F97B1F000EE21F /* RegisterPage.swift */ = {isa = PBXFileReference; lastKnownFileType = sourcecode.swift; path = RegisterPage.swift; sourceTree = "<group>"; };
		073B585128F97C30000EE21F /* RegisterPageViewModels.swift */ = {isa = PBXFileReference; lastKnownFileType = sourcecode.swift; path = RegisterPageViewModels.swift; sourceTree = "<group>"; };
		073B585328F97CA8000EE21F /* PeekID.swift */ = {isa = PBXFileReference; lastKnownFileType = sourcecode.swift; path = PeekID.swift; sourceTree = "<group>"; };
		073B585528FA155F000EE21F /* EMConstants.swift */ = {isa = PBXFileReference; lastKnownFileType = sourcecode.swift; path = EMConstants.swift; sourceTree = "<group>"; };
		073B585728FA1698000EE21F /* InteractiveViewModels.swift */ = {isa = PBXFileReference; lastKnownFileType = sourcecode.swift; path = InteractiveViewModels.swift; sourceTree = "<group>"; };
		0758C2E5291174F800E48140 /* NetworkServiceProtocol.swift */ = {isa = PBXFileReference; lastKnownFileType = sourcecode.swift; path = NetworkServiceProtocol.swift; sourceTree = "<group>"; };
		0758C2E72911752200E48140 /* NetworkServiceImplementation.swift */ = {isa = PBXFileReference; lastKnownFileType = sourcecode.swift; path = NetworkServiceImplementation.swift; sourceTree = "<group>"; };
		0758C2EB2911777300E48140 /* TokenDTO.swift */ = {isa = PBXFileReference; lastKnownFileType = sourcecode.swift; path = TokenDTO.swift; sourceTree = "<group>"; };
		077B2ECC29069A060087504C /* SessionModuleBuilder.swift */ = {isa = PBXFileReference; lastKnownFileType = sourcecode.swift; path = SessionModuleBuilder.swift; sourceTree = "<group>"; };
		077B2ED129069A4B0087504C /* SessionModulePresenter.swift */ = {isa = PBXFileReference; lastKnownFileType = sourcecode.swift; path = SessionModulePresenter.swift; sourceTree = "<group>"; };
		077B2ED529069ADC0087504C /* PosterView.swift */ = {isa = PBXFileReference; lastKnownFileType = sourcecode.swift; path = PosterView.swift; sourceTree = "<group>"; };
		077B2ED729069BAB0087504C /* CollectionView.swift */ = {isa = PBXFileReference; lastKnownFileType = sourcecode.swift; path = CollectionView.swift; sourceTree = "<group>"; };
		077B2ED92907BB450087504C /* Global Constants.swift */ = {isa = PBXFileReference; lastKnownFileType = sourcecode.swift; path = "Global Constants.swift"; sourceTree = "<group>"; };
		077B2EDB29080E2C0087504C /* PosterViewModels.swift */ = {isa = PBXFileReference; lastKnownFileType = sourcecode.swift; path = PosterViewModels.swift; sourceTree = "<group>"; };
		077B2EDD29080E680087504C /* SMConstants.swift */ = {isa = PBXFileReference; lastKnownFileType = sourcecode.swift; path = SMConstants.swift; sourceTree = "<group>"; };
		077B2EDF29080E970087504C /* SMViewModels.swift */ = {isa = PBXFileReference; lastKnownFileType = sourcecode.swift; path = SMViewModels.swift; sourceTree = "<group>"; };
		07832A2429248C390079E1E9 /* EntranceModulePresenterWebSocketExtension.swift */ = {isa = PBXFileReference; lastKnownFileType = sourcecode.swift; path = EntranceModulePresenterWebSocketExtension.swift; sourceTree = "<group>"; };
		0788F41E28F82990006F447F /* EntranceModulePresenter.swift */ = {isa = PBXFileReference; lastKnownFileType = sourcecode.swift; path = EntranceModulePresenter.swift; sourceTree = "<group>"; };
		0788F42128F829B5006F447F /* EntranceModuleBuilder.swift */ = {isa = PBXFileReference; lastKnownFileType = sourcecode.swift; path = EntranceModuleBuilder.swift; sourceTree = "<group>"; };
		0788F42328F82B19006F447F /* LoginPage.swift */ = {isa = PBXFileReference; lastKnownFileType = sourcecode.swift; path = LoginPage.swift; sourceTree = "<group>"; };
		0788F42528F8321F006F447F /* LoginViewModels.swift */ = {isa = PBXFileReference; lastKnownFileType = sourcecode.swift; path = LoginViewModels.swift; sourceTree = "<group>"; };
		079E5EB729092EC8006AF238 /* MovieInfoScrollViewModel.swift */ = {isa = PBXFileReference; lastKnownFileType = sourcecode.swift; path = MovieInfoScrollViewModel.swift; sourceTree = "<group>"; };
		079E5EB92909753C006AF238 /* MovieInfoStackViewModel.swift */ = {isa = PBXFileReference; lastKnownFileType = sourcecode.swift; path = MovieInfoStackViewModel.swift; sourceTree = "<group>"; };
		07A66F2A2916CB2F003BB6B9 /* ErrorDTO.swift */ = {isa = PBXFileReference; lastKnownFileType = sourcecode.swift; path = ErrorDTO.swift; sourceTree = "<group>"; };
		07A66F2C2916CB51003BB6B9 /* ResponseDTO.swift */ = {isa = PBXFileReference; lastKnownFileType = sourcecode.swift; path = ResponseDTO.swift; sourceTree = "<group>"; };
		07ABF65B29193799007C4A52 /* InformativeViewModels.swift */ = {isa = PBXFileReference; lastKnownFileType = sourcecode.swift; path = InformativeViewModels.swift; sourceTree = "<group>"; };
		07ABF65D291AD436007C4A52 /* ExtensionLoginPagePresenter.swift */ = {isa = PBXFileReference; lastKnownFileType = sourcecode.swift; path = ExtensionLoginPagePresenter.swift; sourceTree = "<group>"; };
		07ABF65F291AD4A7007C4A52 /* ExtensionPasswordPagePresenter.swift */ = {isa = PBXFileReference; lastKnownFileType = sourcecode.swift; path = ExtensionPasswordPagePresenter.swift; sourceTree = "<group>"; };
		07ABF661291AD4BF007C4A52 /* ExtensionRegisterPagePresenter.swift */ = {isa = PBXFileReference; lastKnownFileType = sourcecode.swift; path = ExtensionRegisterPagePresenter.swift; sourceTree = "<group>"; };
		07ABF663291AD4DA007C4A52 /* ExtensionAuthorizedPagePresenter.swift */ = {isa = PBXFileReference; lastKnownFileType = sourcecode.swift; path = ExtensionAuthorizedPagePresenter.swift; sourceTree = "<group>"; };
		07ABF665291AD4F8007C4A52 /* ExtensionWaitingPagePresenter.swift */ = {isa = PBXFileReference; lastKnownFileType = sourcecode.swift; path = ExtensionWaitingPagePresenter.swift; sourceTree = "<group>"; };
		07BBD947291BE08F00DD13BA /* MockNetworkService.swift */ = {isa = PBXFileReference; lastKnownFileType = sourcecode.swift; path = MockNetworkService.swift; sourceTree = "<group>"; };
		07C8212E291019E000B055D0 /* MovieDTO.swift */ = {isa = PBXFileReference; lastKnownFileType = sourcecode.swift; path = MovieDTO.swift; sourceTree = "<group>"; };
		07D401B828F8641700BF3F55 /* PasswordPage.swift */ = {isa = PBXFileReference; lastKnownFileType = sourcecode.swift; path = PasswordPage.swift; sourceTree = "<group>"; };
		07D401BA28F8653D00BF3F55 /* PasswordViewModels.swift */ = {isa = PBXFileReference; lastKnownFileType = sourcecode.swift; path = PasswordViewModels.swift; sourceTree = "<group>"; };
		07D401BC28F890F400BF3F55 /* LogoPage.swift */ = {isa = PBXFileReference; lastKnownFileType = sourcecode.swift; path = LogoPage.swift; sourceTree = "<group>"; };
		07DBA83B28F3F734000A1312 /* PeekMovie.app */ = {isa = PBXFileReference; explicitFileType = wrapper.application; includeInIndex = 0; path = PeekMovie.app; sourceTree = BUILT_PRODUCTS_DIR; };
		07DBA83E28F3F734000A1312 /* AppDelegate.swift */ = {isa = PBXFileReference; lastKnownFileType = sourcecode.swift; path = AppDelegate.swift; sourceTree = "<group>"; };
		07DBA84228F3F734000A1312 /* AuthorizedPage.swift */ = {isa = PBXFileReference; lastKnownFileType = sourcecode.swift; path = AuthorizedPage.swift; sourceTree = "<group>"; };
		07DBA84528F3F734000A1312 /* Base */ = {isa = PBXFileReference; lastKnownFileType = file.storyboard; name = Base; path = Base.lproj/Main.storyboard; sourceTree = "<group>"; };
		07DBA84728F3F73A000A1312 /* Assets.xcassets */ = {isa = PBXFileReference; lastKnownFileType = folder.assetcatalog; path = Assets.xcassets; sourceTree = "<group>"; };
		07DBA84A28F3F73A000A1312 /* Base */ = {isa = PBXFileReference; lastKnownFileType = file.storyboard; name = Base; path = Base.lproj/LaunchScreen.storyboard; sourceTree = "<group>"; };
		07DBA84C28F3F73A000A1312 /* Info.plist */ = {isa = PBXFileReference; lastKnownFileType = text.plist.xml; path = Info.plist; sourceTree = "<group>"; };
		07DBA85228F3F830000A1312 /* AppCoordinator.swift */ = {isa = PBXFileReference; lastKnownFileType = sourcecode.swift; path = AppCoordinator.swift; sourceTree = "<group>"; };
		07DBA85928F55E3B000A1312 /* AuthorizedPageViewModels.swift */ = {isa = PBXFileReference; lastKnownFileType = sourcecode.swift; path = AuthorizedPageViewModels.swift; sourceTree = "<group>"; };
		07DBA85C28F55E77000A1312 /* DesignProtocols.swift */ = {isa = PBXFileReference; lastKnownFileType = sourcecode.swift; path = DesignProtocols.swift; sourceTree = "<group>"; };
		07EB1CB828FD47950031598A /* NetworkClientImplementation.swift */ = {isa = PBXFileReference; lastKnownFileType = sourcecode.swift; path = NetworkClientImplementation.swift; sourceTree = "<group>"; };
		07EB1CBA28FD47C90031598A /* NrtworkClientProtocol.swift */ = {isa = PBXFileReference; lastKnownFileType = sourcecode.swift; path = NrtworkClientProtocol.swift; sourceTree = "<group>"; };
		07EB1CBD28FD48100031598A /* HTTPNetworkResponse.swift */ = {isa = PBXFileReference; fileEncoding = 4; lastKnownFileType = sourcecode.swift; path = HTTPNetworkResponse.swift; sourceTree = "<group>"; };
		07EB1CBE28FD48100031598A /* HTTPRequest.swift */ = {isa = PBXFileReference; fileEncoding = 4; lastKnownFileType = sourcecode.swift; path = HTTPRequest.swift; sourceTree = "<group>"; };
		07EB1CBF28FD48100031598A /* HTTPError.swift */ = {isa = PBXFileReference; fileEncoding = 4; lastKnownFileType = sourcecode.swift; path = HTTPError.swift; sourceTree = "<group>"; };
		07EB1CC028FD48100031598A /* HTTPMethod.swift */ = {isa = PBXFileReference; fileEncoding = 4; lastKnownFileType = sourcecode.swift; path = HTTPMethod.swift; sourceTree = "<group>"; };
		07EB1CC728FDE0680031598A /* WaitingPage.swift */ = {isa = PBXFileReference; lastKnownFileType = sourcecode.swift; path = WaitingPage.swift; sourceTree = "<group>"; };
		07EB1CC928FDE6EB0031598A /* WaitingRoomViewModels.swift */ = {isa = PBXFileReference; lastKnownFileType = sourcecode.swift; path = WaitingRoomViewModels.swift; sourceTree = "<group>"; };
		07EB1CCB28FE219C0031598A /* Animations.swift */ = {isa = PBXFileReference; lastKnownFileType = sourcecode.swift; path = Animations.swift; sourceTree = "<group>"; };
		07F8930D29127B5200E8FDD4 /* RegistrationFormDTO.swift */ = {isa = PBXFileReference; lastKnownFileType = sourcecode.swift; path = RegistrationFormDTO.swift; sourceTree = "<group>"; };
/* End PBXFileReference section */

/* Begin PBXFrameworksBuildPhase section */
		07DBA83828F3F734000A1312 /* Frameworks */ = {
			isa = PBXFrameworksBuildPhase;
			buildActionMask = 2147483647;
			files = (
			);
			runOnlyForDeploymentPostprocessing = 0;
		};
/* End PBXFrameworksBuildPhase section */

/* Begin PBXGroup section */
		073B584E28F97B37000EE21F /* Login Page */ = {
			isa = PBXGroup;
			children = (
				0788F42328F82B19006F447F /* LoginPage.swift */,
				0788F42528F8321F006F447F /* LoginViewModels.swift */,
			);
			path = "Login Page";
			sourceTree = "<group>";
		};
		073B584F28F97B56000EE21F /* Password Page */ = {
			isa = PBXGroup;
			children = (
				07D401B828F8641700BF3F55 /* PasswordPage.swift */,
				07D401BA28F8653D00BF3F55 /* PasswordViewModels.swift */,
			);
			path = "Password Page";
			sourceTree = "<group>";
		};
		073B585028F97B6A000EE21F /* Register Page */ = {
			isa = PBXGroup;
			children = (
				073B584C28F97B1F000EE21F /* RegisterPage.swift */,
				073B585128F97C30000EE21F /* RegisterPageViewModels.swift */,
			);
			path = "Register Page";
			sourceTree = "<group>";
		};
		0758C2E3291160F900E48140 /* Service */ = {
			isa = PBXGroup;
			children = (
				0758C2E42911610100E48140 /* Model */,
				0758C2E5291174F800E48140 /* NetworkServiceProtocol.swift */,
				0758C2E72911752200E48140 /* NetworkServiceImplementation.swift */,
				07BBD947291BE08F00DD13BA /* MockNetworkService.swift */,
			);
			path = Service;
			sourceTree = "<group>";
		};
		0758C2E42911610100E48140 /* Model */ = {
			isa = PBXGroup;
			children = (
				07C8212E291019E000B055D0 /* MovieDTO.swift */,
				073B585328F97CA8000EE21F /* PeekID.swift */,
				0758C2EB2911777300E48140 /* TokenDTO.swift */,
				071A3BEF291FC3BE009A7689 /* RoomDTO.swift */,
				07F8930D29127B5200E8FDD4 /* RegistrationFormDTO.swift */,
				07A66F2C2916CB51003BB6B9 /* ResponseDTO.swift */,
				07A66F2A2916CB2F003BB6B9 /* ErrorDTO.swift */,
			);
			path = Model;
			sourceTree = "<group>";
		};
		077B2ECB290699F00087504C /* Session Module */ = {
			isa = PBXGroup;
			children = (
				077B2ECC29069A060087504C /* SessionModuleBuilder.swift */,
				077B2ED029069A2B0087504C /* Model */,
				077B2ECF29069A230087504C /* View */,
				077B2ECE29069A1B0087504C /* Presenter */,
			);
			path = "Session Module";
			sourceTree = "<group>";
		};
		077B2ECE29069A1B0087504C /* Presenter */ = {
			isa = PBXGroup;
			children = (
				077B2ED129069A4B0087504C /* SessionModulePresenter.swift */,
			);
			path = Presenter;
			sourceTree = "<group>";
		};
		077B2ECF29069A230087504C /* View */ = {
			isa = PBXGroup;
			children = (
				077B2ED329069A5D0087504C /* Main Page */,
				077B2ED429069A980087504C /* Secondary PAge */,
			);
			path = View;
			sourceTree = "<group>";
		};
		077B2ED029069A2B0087504C /* Model */ = {
			isa = PBXGroup;
			children = (
				077B2EDD29080E680087504C /* SMConstants.swift */,
				077B2EDF29080E970087504C /* SMViewModels.swift */,
			);
			path = Model;
			sourceTree = "<group>";
		};
		077B2ED329069A5D0087504C /* Main Page */ = {
			isa = PBXGroup;
			children = (
				077B2ED529069ADC0087504C /* PosterView.swift */,
				077B2EDB29080E2C0087504C /* PosterViewModels.swift */,
				079E5EB729092EC8006AF238 /* MovieInfoScrollViewModel.swift */,
				079E5EB92909753C006AF238 /* MovieInfoStackViewModel.swift */,
			);
			path = "Main Page";
			sourceTree = "<group>";
		};
		077B2ED429069A980087504C /* Secondary PAge */ = {
			isa = PBXGroup;
			children = (
				077B2ED729069BAB0087504C /* CollectionView.swift */,
			);
			path = "Secondary PAge";
			sourceTree = "<group>";
		};
		0788F41B28F82942006F447F /* EntranceModule */ = {
			isa = PBXGroup;
			children = (
				0788F42128F829B5006F447F /* EntranceModuleBuilder.swift */,
				0788F41C28F82967006F447F /* Model */,
				07DBA85528F55DFB000A1312 /* View */,
				0788F41D28F8296F006F447F /* Presenter */,
			);
			path = EntranceModule;
			sourceTree = "<group>";
		};
		0788F41C28F82967006F447F /* Model */ = {
			isa = PBXGroup;
			children = (
				073B585528FA155F000EE21F /* EMConstants.swift */,
				073B585728FA1698000EE21F /* InteractiveViewModels.swift */,
				07ABF65B29193799007C4A52 /* InformativeViewModels.swift */,
			);
			path = Model;
			sourceTree = "<group>";
		};
		0788F41D28F8296F006F447F /* Presenter */ = {
			isa = PBXGroup;
			children = (
				0788F41E28F82990006F447F /* EntranceModulePresenter.swift */,
				07ABF65D291AD436007C4A52 /* ExtensionLoginPagePresenter.swift */,
				07ABF65F291AD4A7007C4A52 /* ExtensionPasswordPagePresenter.swift */,
				07ABF661291AD4BF007C4A52 /* ExtensionRegisterPagePresenter.swift */,
				07ABF663291AD4DA007C4A52 /* ExtensionAuthorizedPagePresenter.swift */,
				07ABF665291AD4F8007C4A52 /* ExtensionWaitingPagePresenter.swift */,
				07832A2429248C390079E1E9 /* EntranceModulePresenterWebSocketExtension.swift */,
			);
			path = Presenter;
			sourceTree = "<group>";
		};
		0788F42728F83333006F447F /* UnAuthorized */ = {
			isa = PBXGroup;
			children = (
				073B584E28F97B37000EE21F /* Login Page */,
				073B584F28F97B56000EE21F /* Password Page */,
				073B585028F97B6A000EE21F /* Register Page */,
			);
			path = UnAuthorized;
			sourceTree = "<group>";
		};
		0788F42828F83348006F447F /* Authorized */ = {
			isa = PBXGroup;
			children = (
				07EB1CC528FD87850031598A /* Join page */,
				07EB1CC628FDE04D0031598A /* Waiting page */,
			);
			path = Authorized;
			sourceTree = "<group>";
		};
		07DBA83228F3F734000A1312 = {
			isa = PBXGroup;
			children = (
				07DBA83D28F3F734000A1312 /* PeekMovie */,
				07DBA83C28F3F734000A1312 /* Products */,
			);
			sourceTree = "<group>";
		};
		07DBA83C28F3F734000A1312 /* Products */ = {
			isa = PBXGroup;
			children = (
				07DBA83B28F3F734000A1312 /* PeekMovie.app */,
			);
			name = Products;
			sourceTree = "<group>";
		};
		07DBA83D28F3F734000A1312 /* PeekMovie */ = {
			isa = PBXGroup;
			children = (
				0758C2E3291160F900E48140 /* Service */,
				07EB1CB728FD47740031598A /* Network */,
				07DBA83E28F3F734000A1312 /* AppDelegate.swift */,
				07DBA85228F3F830000A1312 /* AppCoordinator.swift */,
				07D401BC28F890F400BF3F55 /* LogoPage.swift */,
				0788F41B28F82942006F447F /* EntranceModule */,
				077B2ECB290699F00087504C /* Session Module */,
				07DBA85628F55E00000A1312 /* Model */,
				07DBA85728F55E07000A1312 /* Storyboard */,
				07DBA84728F3F73A000A1312 /* Assets.xcassets */,
				07DBA84C28F3F73A000A1312 /* Info.plist */,
			);
			path = PeekMovie;
			sourceTree = "<group>";
		};
		07DBA85528F55DFB000A1312 /* View */ = {
			isa = PBXGroup;
			children = (
				0788F42728F83333006F447F /* UnAuthorized */,
				0788F42828F83348006F447F /* Authorized */,
			);
			path = View;
			sourceTree = "<group>";
		};
		07DBA85628F55E00000A1312 /* Model */ = {
			isa = PBXGroup;
			children = (
				077B2ED92907BB450087504C /* Global Constants.swift */,
				07DBA85C28F55E77000A1312 /* DesignProtocols.swift */,
				07EB1CCB28FE219C0031598A /* Animations.swift */,
			);
			path = Model;
			sourceTree = "<group>";
		};
		07DBA85728F55E07000A1312 /* Storyboard */ = {
			isa = PBXGroup;
			children = (
				07DBA84428F3F734000A1312 /* Main.storyboard */,
				07DBA84928F3F73A000A1312 /* LaunchScreen.storyboard */,
			);
			path = Storyboard;
			sourceTree = "<group>";
		};
		07EB1CB728FD47740031598A /* Network */ = {
			isa = PBXGroup;
			children = (
				07EB1CBC28FD48050031598A /* Model */,
				07EB1CB828FD47950031598A /* NetworkClientImplementation.swift */,
				07EB1CBA28FD47C90031598A /* NrtworkClientProtocol.swift */,
			);
			path = Network;
			sourceTree = "<group>";
		};
		07EB1CBC28FD48050031598A /* Model */ = {
			isa = PBXGroup;
			children = (
				07EB1CBF28FD48100031598A /* HTTPError.swift */,
				07EB1CC028FD48100031598A /* HTTPMethod.swift */,
				07EB1CBD28FD48100031598A /* HTTPNetworkResponse.swift */,
				07EB1CBE28FD48100031598A /* HTTPRequest.swift */,
			);
			path = Model;
			sourceTree = "<group>";
		};
		07EB1CC528FD87850031598A /* Join page */ = {
			isa = PBXGroup;
			children = (
				07DBA84228F3F734000A1312 /* AuthorizedPage.swift */,
				07DBA85928F55E3B000A1312 /* AuthorizedPageViewModels.swift */,
			);
			path = "Join page";
			sourceTree = "<group>";
		};
		07EB1CC628FDE04D0031598A /* Waiting page */ = {
			isa = PBXGroup;
			children = (
				07EB1CC728FDE0680031598A /* WaitingPage.swift */,
				07EB1CC928FDE6EB0031598A /* WaitingRoomViewModels.swift */,
				073A49312902A77100545946 /* WaitingPageAnimation.swift */,
				070DF8C82922A668002476AA /* WaitingPagePickerViewExtension.swift */,
			);
			path = "Waiting page";
			sourceTree = "<group>";
		};
/* End PBXGroup section */

/* Begin PBXNativeTarget section */
		07DBA83A28F3F734000A1312 /* PeekMovie */ = {
			isa = PBXNativeTarget;
			buildConfigurationList = 07DBA84F28F3F73A000A1312 /* Build configuration list for PBXNativeTarget "PeekMovie" */;
			buildPhases = (
				07DBA83728F3F734000A1312 /* Sources */,
				07DBA83828F3F734000A1312 /* Frameworks */,
				07DBA83928F3F734000A1312 /* Resources */,
			);
			buildRules = (
			);
			dependencies = (
			);
			name = PeekMovie;
			productName = PeekMovie;
			productReference = 07DBA83B28F3F734000A1312 /* PeekMovie.app */;
			productType = "com.apple.product-type.application";
		};
/* End PBXNativeTarget section */

/* Begin PBXProject section */
		07DBA83328F3F734000A1312 /* Project object */ = {
			isa = PBXProject;
			attributes = {
				BuildIndependentTargetsInParallel = 1;
				LastSwiftUpdateCheck = 1320;
				LastUpgradeCheck = 1320;
				TargetAttributes = {
					07DBA83A28F3F734000A1312 = {
						CreatedOnToolsVersion = 13.2.1;
					};
				};
			};
			buildConfigurationList = 07DBA83628F3F734000A1312 /* Build configuration list for PBXProject "PeekMovie" */;
			compatibilityVersion = "Xcode 13.0";
			developmentRegion = en;
			hasScannedForEncodings = 0;
			knownRegions = (
				en,
				Base,
			);
			mainGroup = 07DBA83228F3F734000A1312;
			productRefGroup = 07DBA83C28F3F734000A1312 /* Products */;
			projectDirPath = "";
			projectRoot = "";
			targets = (
				07DBA83A28F3F734000A1312 /* PeekMovie */,
			);
		};
/* End PBXProject section */

/* Begin PBXResourcesBuildPhase section */
		07DBA83928F3F734000A1312 /* Resources */ = {
			isa = PBXResourcesBuildPhase;
			buildActionMask = 2147483647;
			files = (
				07DBA84B28F3F73A000A1312 /* LaunchScreen.storyboard in Resources */,
				07DBA84828F3F73A000A1312 /* Assets.xcassets in Resources */,
				07DBA84628F3F734000A1312 /* Main.storyboard in Resources */,
			);
			runOnlyForDeploymentPostprocessing = 0;
		};
/* End PBXResourcesBuildPhase section */

/* Begin PBXSourcesBuildPhase section */
		07DBA83728F3F734000A1312 /* Sources */ = {
			isa = PBXSourcesBuildPhase;
			buildActionMask = 2147483647;
			files = (
				07C8212F291019E000B055D0 /* MovieDTO.swift in Sources */,
				07EB1CCA28FDE6EB0031598A /* WaitingRoomViewModels.swift in Sources */,
				077B2EDE29080E680087504C /* SMConstants.swift in Sources */,
				07D401BD28F890F400BF3F55 /* LogoPage.swift in Sources */,
				07ABF65E291AD436007C4A52 /* ExtensionLoginPagePresenter.swift in Sources */,
				077B2ED829069BAB0087504C /* CollectionView.swift in Sources */,
				07ABF662291AD4BF007C4A52 /* ExtensionRegisterPagePresenter.swift in Sources */,
				0788F42428F82B19006F447F /* LoginPage.swift in Sources */,
				071A3BF0291FC3BE009A7689 /* RoomDTO.swift in Sources */,
				0788F42628F8321F006F447F /* LoginViewModels.swift in Sources */,
				0758C2E82911752200E48140 /* NetworkServiceImplementation.swift in Sources */,
				0788F41F28F82990006F447F /* EntranceModulePresenter.swift in Sources */,
				077B2ED629069ADC0087504C /* PosterView.swift in Sources */,
				07BBD948291BE08F00DD13BA /* MockNetworkService.swift in Sources */,
				07EB1CC828FDE0680031598A /* WaitingPage.swift in Sources */,
				073B584D28F97B20000EE21F /* RegisterPage.swift in Sources */,
				0758C2E6291174F800E48140 /* NetworkServiceProtocol.swift in Sources */,
				07EB1CB928FD47950031598A /* NetworkClientImplementation.swift in Sources */,
				07ABF664291AD4DA007C4A52 /* ExtensionAuthorizedPagePresenter.swift in Sources */,
				07DBA85A28F55E3B000A1312 /* AuthorizedPageViewModels.swift in Sources */,
				077B2EE029080E970087504C /* SMViewModels.swift in Sources */,
				07832A2529248C390079E1E9 /* EntranceModulePresenterWebSocketExtension.swift in Sources */,
				073B585228F97C30000EE21F /* RegisterPageViewModels.swift in Sources */,
				07EB1CBB28FD47C90031598A /* NrtworkClientProtocol.swift in Sources */,
				079E5EBA2909753C006AF238 /* MovieInfoStackViewModel.swift in Sources */,
				0758C2EC2911777300E48140 /* TokenDTO.swift in Sources */,
				07F8930E29127B5200E8FDD4 /* RegistrationFormDTO.swift in Sources */,
				07EB1CC128FD48100031598A /* HTTPNetworkResponse.swift in Sources */,
				073B585628FA155F000EE21F /* EMConstants.swift in Sources */,
				07A66F2D2916CB51003BB6B9 /* ResponseDTO.swift in Sources */,
				073A49322902A77100545946 /* WaitingPageAnimation.swift in Sources */,
				0788F42228F829B5006F447F /* EntranceModuleBuilder.swift in Sources */,
				079E5EB829092EC8006AF238 /* MovieInfoScrollViewModel.swift in Sources */,
				077B2ED229069A4B0087504C /* SessionModulePresenter.swift in Sources */,
				07EB1CC328FD48100031598A /* HTTPError.swift in Sources */,
				07DBA85328F3F830000A1312 /* AppCoordinator.swift in Sources */,
				073B585828FA1698000EE21F /* InteractiveViewModels.swift in Sources */,
				07A66F2B2916CB2F003BB6B9 /* ErrorDTO.swift in Sources */,
				077B2ECD29069A060087504C /* SessionModuleBuilder.swift in Sources */,
				073B585428F97CA8000EE21F /* PeekID.swift in Sources */,
				07DBA85D28F55E77000A1312 /* DesignProtocols.swift in Sources */,
				07ABF65C29193799007C4A52 /* InformativeViewModels.swift in Sources */,
				077B2EDC29080E2C0087504C /* PosterViewModels.swift in Sources */,
				07DBA84328F3F734000A1312 /* AuthorizedPage.swift in Sources */,
				07EB1CCC28FE219C0031598A /* Animations.swift in Sources */,
				07DBA83F28F3F734000A1312 /* AppDelegate.swift in Sources */,
				07EB1CC228FD48100031598A /* HTTPRequest.swift in Sources */,
				07ABF660291AD4A7007C4A52 /* ExtensionPasswordPagePresenter.swift in Sources */,
				07EB1CC428FD48100031598A /* HTTPMethod.swift in Sources */,
				07D401B928F8641700BF3F55 /* PasswordPage.swift in Sources */,
				070DF8C92922A668002476AA /* WaitingPagePickerViewExtension.swift in Sources */,
				07D401BB28F8653D00BF3F55 /* PasswordViewModels.swift in Sources */,
				077B2EDA2907BB450087504C /* Global Constants.swift in Sources */,
				07ABF666291AD4F8007C4A52 /* ExtensionWaitingPagePresenter.swift in Sources */,
			);
			runOnlyForDeploymentPostprocessing = 0;
		};
/* End PBXSourcesBuildPhase section */

/* Begin PBXVariantGroup section */
		07DBA84428F3F734000A1312 /* Main.storyboard */ = {
			isa = PBXVariantGroup;
			children = (
				07DBA84528F3F734000A1312 /* Base */,
			);
			name = Main.storyboard;
			sourceTree = "<group>";
		};
		07DBA84928F3F73A000A1312 /* LaunchScreen.storyboard */ = {
			isa = PBXVariantGroup;
			children = (
				07DBA84A28F3F73A000A1312 /* Base */,
			);
			name = LaunchScreen.storyboard;
			sourceTree = "<group>";
		};
/* End PBXVariantGroup section */

/* Begin XCBuildConfiguration section */
		07DBA84D28F3F73A000A1312 /* Debug */ = {
			isa = XCBuildConfiguration;
			buildSettings = {
				ALWAYS_SEARCH_USER_PATHS = NO;
				CLANG_ANALYZER_NONNULL = YES;
				CLANG_ANALYZER_NUMBER_OBJECT_CONVERSION = YES_AGGRESSIVE;
				CLANG_CXX_LANGUAGE_STANDARD = "gnu++17";
				CLANG_CXX_LIBRARY = "libc++";
				CLANG_ENABLE_MODULES = YES;
				CLANG_ENABLE_OBJC_ARC = YES;
				CLANG_ENABLE_OBJC_WEAK = YES;
				CLANG_WARN_BLOCK_CAPTURE_AUTORELEASING = YES;
				CLANG_WARN_BOOL_CONVERSION = YES;
				CLANG_WARN_COMMA = YES;
				CLANG_WARN_CONSTANT_CONVERSION = YES;
				CLANG_WARN_DEPRECATED_OBJC_IMPLEMENTATIONS = YES;
				CLANG_WARN_DIRECT_OBJC_ISA_USAGE = YES_ERROR;
				CLANG_WARN_DOCUMENTATION_COMMENTS = YES;
				CLANG_WARN_EMPTY_BODY = YES;
				CLANG_WARN_ENUM_CONVERSION = YES;
				CLANG_WARN_INFINITE_RECURSION = YES;
				CLANG_WARN_INT_CONVERSION = YES;
				CLANG_WARN_NON_LITERAL_NULL_CONVERSION = YES;
				CLANG_WARN_OBJC_IMPLICIT_RETAIN_SELF = YES;
				CLANG_WARN_OBJC_LITERAL_CONVERSION = YES;
				CLANG_WARN_OBJC_ROOT_CLASS = YES_ERROR;
				CLANG_WARN_QUOTED_INCLUDE_IN_FRAMEWORK_HEADER = YES;
				CLANG_WARN_RANGE_LOOP_ANALYSIS = YES;
				CLANG_WARN_STRICT_PROTOTYPES = YES;
				CLANG_WARN_SUSPICIOUS_MOVE = YES;
				CLANG_WARN_UNGUARDED_AVAILABILITY = YES_AGGRESSIVE;
				CLANG_WARN_UNREACHABLE_CODE = YES;
				CLANG_WARN__DUPLICATE_METHOD_MATCH = YES;
				COPY_PHASE_STRIP = NO;
				DEBUG_INFORMATION_FORMAT = dwarf;
				ENABLE_STRICT_OBJC_MSGSEND = YES;
				ENABLE_TESTABILITY = YES;
				GCC_C_LANGUAGE_STANDARD = gnu11;
				GCC_DYNAMIC_NO_PIC = NO;
				GCC_NO_COMMON_BLOCKS = YES;
				GCC_OPTIMIZATION_LEVEL = 0;
				GCC_PREPROCESSOR_DEFINITIONS = (
					"DEBUG=1",
					"$(inherited)",
				);
				GCC_WARN_64_TO_32_BIT_CONVERSION = YES;
				GCC_WARN_ABOUT_RETURN_TYPE = YES_ERROR;
				GCC_WARN_UNDECLARED_SELECTOR = YES;
				GCC_WARN_UNINITIALIZED_AUTOS = YES_AGGRESSIVE;
				GCC_WARN_UNUSED_FUNCTION = YES;
				GCC_WARN_UNUSED_VARIABLE = YES;
				IPHONEOS_DEPLOYMENT_TARGET = 15.2;
				MTL_ENABLE_DEBUG_INFO = INCLUDE_SOURCE;
				MTL_FAST_MATH = YES;
				ONLY_ACTIVE_ARCH = YES;
				SDKROOT = iphoneos;
				SWIFT_ACTIVE_COMPILATION_CONDITIONS = DEBUG;
				SWIFT_OPTIMIZATION_LEVEL = "-Onone";
			};
			name = Debug;
		};
		07DBA84E28F3F73A000A1312 /* Release */ = {
			isa = XCBuildConfiguration;
			buildSettings = {
				ALWAYS_SEARCH_USER_PATHS = NO;
				CLANG_ANALYZER_NONNULL = YES;
				CLANG_ANALYZER_NUMBER_OBJECT_CONVERSION = YES_AGGRESSIVE;
				CLANG_CXX_LANGUAGE_STANDARD = "gnu++17";
				CLANG_CXX_LIBRARY = "libc++";
				CLANG_ENABLE_MODULES = YES;
				CLANG_ENABLE_OBJC_ARC = YES;
				CLANG_ENABLE_OBJC_WEAK = YES;
				CLANG_WARN_BLOCK_CAPTURE_AUTORELEASING = YES;
				CLANG_WARN_BOOL_CONVERSION = YES;
				CLANG_WARN_COMMA = YES;
				CLANG_WARN_CONSTANT_CONVERSION = YES;
				CLANG_WARN_DEPRECATED_OBJC_IMPLEMENTATIONS = YES;
				CLANG_WARN_DIRECT_OBJC_ISA_USAGE = YES_ERROR;
				CLANG_WARN_DOCUMENTATION_COMMENTS = YES;
				CLANG_WARN_EMPTY_BODY = YES;
				CLANG_WARN_ENUM_CONVERSION = YES;
				CLANG_WARN_INFINITE_RECURSION = YES;
				CLANG_WARN_INT_CONVERSION = YES;
				CLANG_WARN_NON_LITERAL_NULL_CONVERSION = YES;
				CLANG_WARN_OBJC_IMPLICIT_RETAIN_SELF = YES;
				CLANG_WARN_OBJC_LITERAL_CONVERSION = YES;
				CLANG_WARN_OBJC_ROOT_CLASS = YES_ERROR;
				CLANG_WARN_QUOTED_INCLUDE_IN_FRAMEWORK_HEADER = YES;
				CLANG_WARN_RANGE_LOOP_ANALYSIS = YES;
				CLANG_WARN_STRICT_PROTOTYPES = YES;
				CLANG_WARN_SUSPICIOUS_MOVE = YES;
				CLANG_WARN_UNGUARDED_AVAILABILITY = YES_AGGRESSIVE;
				CLANG_WARN_UNREACHABLE_CODE = YES;
				CLANG_WARN__DUPLICATE_METHOD_MATCH = YES;
				COPY_PHASE_STRIP = NO;
				DEBUG_INFORMATION_FORMAT = "dwarf-with-dsym";
				ENABLE_NS_ASSERTIONS = NO;
				ENABLE_STRICT_OBJC_MSGSEND = YES;
				GCC_C_LANGUAGE_STANDARD = gnu11;
				GCC_NO_COMMON_BLOCKS = YES;
				GCC_WARN_64_TO_32_BIT_CONVERSION = YES;
				GCC_WARN_ABOUT_RETURN_TYPE = YES_ERROR;
				GCC_WARN_UNDECLARED_SELECTOR = YES;
				GCC_WARN_UNINITIALIZED_AUTOS = YES_AGGRESSIVE;
				GCC_WARN_UNUSED_FUNCTION = YES;
				GCC_WARN_UNUSED_VARIABLE = YES;
				IPHONEOS_DEPLOYMENT_TARGET = 15.2;
				MTL_ENABLE_DEBUG_INFO = NO;
				MTL_FAST_MATH = YES;
				SDKROOT = iphoneos;
				SWIFT_COMPILATION_MODE = wholemodule;
				SWIFT_OPTIMIZATION_LEVEL = "-O";
				VALIDATE_PRODUCT = YES;
			};
			name = Release;
		};
		07DBA85028F3F73A000A1312 /* Debug */ = {
			isa = XCBuildConfiguration;
			buildSettings = {
				ASSETCATALOG_COMPILER_APPICON_NAME = AppIcon;
				ASSETCATALOG_COMPILER_GLOBAL_ACCENT_COLOR_NAME = AccentColor;
				CODE_SIGN_STYLE = Automatic;
				CURRENT_PROJECT_VERSION = 1;
				DEVELOPMENT_TEAM = J2YJ6QP79J;
				GENERATE_INFOPLIST_FILE = YES;
				INFOPLIST_FILE = PeekMovie/Info.plist;
				INFOPLIST_KEY_UIApplicationSupportsIndirectInputEvents = YES;
				INFOPLIST_KEY_UILaunchStoryboardName = LaunchScreen;
				INFOPLIST_KEY_UIMainStoryboardFile = Main;
				INFOPLIST_KEY_UISupportedInterfaceOrientations = UIInterfaceOrientationPortrait;
				INFOPLIST_KEY_UISupportedInterfaceOrientations_iPad = "UIInterfaceOrientationPortrait UIInterfaceOrientationPortraitUpsideDown UIInterfaceOrientationLandscapeLeft UIInterfaceOrientationLandscapeRight";
				INFOPLIST_KEY_UISupportedInterfaceOrientations_iPhone = "UIInterfaceOrientationPortrait UIInterfaceOrientationLandscapeLeft UIInterfaceOrientationLandscapeRight";
				LD_RUNPATH_SEARCH_PATHS = (
					"$(inherited)",
					"@executable_path/Frameworks",
				);
				MARKETING_VERSION = 1.0;
				PRODUCT_BUNDLE_IDENTIFIER = com.ezpzbaby.PeekMovie;
				PRODUCT_NAME = "$(TARGET_NAME)";
				SWIFT_EMIT_LOC_STRINGS = YES;
				SWIFT_VERSION = 5.0;
				TARGETED_DEVICE_FAMILY = 1;
			};
			name = Debug;
		};
		07DBA85128F3F73A000A1312 /* Release */ = {
			isa = XCBuildConfiguration;
			buildSettings = {
				ASSETCATALOG_COMPILER_APPICON_NAME = AppIcon;
				ASSETCATALOG_COMPILER_GLOBAL_ACCENT_COLOR_NAME = AccentColor;
				CODE_SIGN_STYLE = Automatic;
				CURRENT_PROJECT_VERSION = 1;
				DEVELOPMENT_TEAM = J2YJ6QP79J;
				GENERATE_INFOPLIST_FILE = YES;
				INFOPLIST_FILE = PeekMovie/Info.plist;
				INFOPLIST_KEY_UIApplicationSupportsIndirectInputEvents = YES;
				INFOPLIST_KEY_UILaunchStoryboardName = LaunchScreen;
				INFOPLIST_KEY_UIMainStoryboardFile = Main;
				INFOPLIST_KEY_UISupportedInterfaceOrientations = UIInterfaceOrientationPortrait;
				INFOPLIST_KEY_UISupportedInterfaceOrientations_iPad = "UIInterfaceOrientationPortrait UIInterfaceOrientationPortraitUpsideDown UIInterfaceOrientationLandscapeLeft UIInterfaceOrientationLandscapeRight";
				INFOPLIST_KEY_UISupportedInterfaceOrientations_iPhone = "UIInterfaceOrientationPortrait UIInterfaceOrientationLandscapeLeft UIInterfaceOrientationLandscapeRight";
				LD_RUNPATH_SEARCH_PATHS = (
					"$(inherited)",
					"@executable_path/Frameworks",
				);
				MARKETING_VERSION = 1.0;
				PRODUCT_BUNDLE_IDENTIFIER = com.ezpzbaby.PeekMovie;
				PRODUCT_NAME = "$(TARGET_NAME)";
				SWIFT_EMIT_LOC_STRINGS = YES;
				SWIFT_VERSION = 5.0;
				TARGETED_DEVICE_FAMILY = 1;
			};
			name = Release;
		};
/* End XCBuildConfiguration section */

/* Begin XCConfigurationList section */
		07DBA83628F3F734000A1312 /* Build configuration list for PBXProject "PeekMovie" */ = {
			isa = XCConfigurationList;
			buildConfigurations = (
				07DBA84D28F3F73A000A1312 /* Debug */,
				07DBA84E28F3F73A000A1312 /* Release */,
			);
			defaultConfigurationIsVisible = 0;
			defaultConfigurationName = Release;
		};
		07DBA84F28F3F73A000A1312 /* Build configuration list for PBXNativeTarget "PeekMovie" */ = {
			isa = XCConfigurationList;
			buildConfigurations = (
				07DBA85028F3F73A000A1312 /* Debug */,
				07DBA85128F3F73A000A1312 /* Release */,
			);
			defaultConfigurationIsVisible = 0;
			defaultConfigurationName = Release;
		};
/* End XCConfigurationList section */
	};
	rootObject = 07DBA83328F3F734000A1312 /* Project object */;
}
